
Microsoft Visual Studio Solution File, Format Version 12.00
# Visual Studio 2013
VisualStudioVersion = 12.0.40629.0
MinimumVisualStudioVersion = 10.0.40219.1
Project("{8BC9CEB8-8B4A-11D0-8D11-00A0C91BC942}") = "DcmCoordData", "DcmCoordData.vcxproj", "{F08A1E2D-9356-421A-AA2A-85F98F61045A}"
EndProject
Project("{8BC9CEB8-8B4A-11D0-8D11-00A0C91BC942}") = "PxComLib", "..\..\..\PxComLib\PxComLib.vcxproj", "{7DBB2F41-195D-4FFC-A19E-2C26D44E0B23}"
EndProject
Project("{8BC9CEB8-8B4A-11D0-8D11-00A0C91BC942}") = "PxDcmDataLib", "..\..\..\PxDcmDataLib\PxDcmDataLib.vcxproj", "{79BA1819-545A-40BB-9A63-B3E516491D49}"
EndProject
Global
	GlobalSection(SolutionConfigurationPlatforms) = preSolution
		Debug|Win32 = Debug|Win32
		Release|Win32 = Release|Win32
	EndGlobalSection
	GlobalSection(ProjectConfigurationPlatforms) = postSolution
		{F08A1E2D-9356-421A-AA2A-85F98F61045A}.Debug|Win32.ActiveCfg = Debug|Win32
		{F08A1E2D-9356-421A-AA2A-85F98F61045A}.Debug|Win32.Build.0 = Debug|Win32
		{F08A1E2D-9356-421A-AA2A-85F98F61045A}.Release|Win32.ActiveCfg = Release|Win32
		{F08A1E2D-9356-421A-AA2A-85F98F61045A}.Release|Win32.Build.0 = Release|Win32
		{7DBB2F41-195D-4FFC-A19E-2C26D44E0B23}.Debug|Win32.ActiveCfg = Debug|Win32
		{7DBB2F41-195D-4FFC-A19E-2C26D44E0B23}.Debug|Win32.Build.0 = Debug|Win32
		{7DBB2F41-195D-4FFC-A19E-2C26D44E0B23}.Release|Win32.ActiveCfg = Release|Win32
		{7DBB2F41-195D-4FFC-A19E-2C26D44E0B23}.Release|Win32.Build.0 = Release|Win32
		{79BA1819-545A-40BB-9A63-B3E516491D49}.Debug|Win32.ActiveCfg = Debug|Win32
		{79BA1819-545A-40BB-9A63-B3E516491D49}.Debug|Win32.Build.0 = Debug|Win32
		{79BA1819-545A-40BB-9A63-B3E516491D49}.Release|Win32.ActiveCfg = Release|Win32
		{79BA1819-545A-40BB-9A63-B3E516491D49}.Release|Win32.Build.0 = Release|Win32
	EndGlobalSection
	GlobalSection(SolutionProperties) = preSolution
		HideSolutionNode = FALSE
	EndGlobalSection
EndGlobal
