
Microsoft Visual Studio Solution File, Format Version 9.00
# Visual Studio 2005
Project("{8BC9CEB8-8B4A-11D0-8D11-00A0C91BC942}") = "tstQueueDB", "tstQueueDB.vcproj", "{9C6504C6-4095-4533-88AF-2D3025AC056A}"
EndProject
Project("{8BC9CEB8-8B4A-11D0-8D11-00A0C91BC942}") = "PxDbLib", "..\..\PxDbLib\PxDbLib.vcproj", "{98B3FB86-560C-4394-AF3C-39CEC2A735F7}"
EndProject
Global
	GlobalSection(SolutionConfigurationPlatforms) = preSolution
		Debug|Win32 = Debug|Win32
		Release|Win32 = Release|Win32
	EndGlobalSection
	GlobalSection(ProjectConfigurationPlatforms) = postSolution
		{9C6504C6-4095-4533-88AF-2D3025AC056A}.Debug|Win32.ActiveCfg = Debug|Win32
		{9C6504C6-4095-4533-88AF-2D3025AC056A}.Debug|Win32.Build.0 = Debug|Win32
		{9C6504C6-4095-4533-88AF-2D3025AC056A}.Release|Win32.ActiveCfg = Release|Win32
		{9C6504C6-4095-4533-88AF-2D3025AC056A}.Release|Win32.Build.0 = Release|Win32
		{98B3FB86-560C-4394-AF3C-39CEC2A735F7}.Debug|Win32.ActiveCfg = Debug|Win32
		{98B3FB86-560C-4394-AF3C-39CEC2A735F7}.Debug|Win32.Build.0 = Debug|Win32
		{98B3FB86-560C-4394-AF3C-39CEC2A735F7}.Release|Win32.ActiveCfg = Release|Win32
		{98B3FB86-560C-4394-AF3C-39CEC2A735F7}.Release|Win32.Build.0 = Release|Win32
	EndGlobalSection
	GlobalSection(SolutionProperties) = preSolution
		HideSolutionNode = FALSE
	EndGlobalSection
EndGlobal
