
Microsoft Visual Studio Solution File, Format Version 12.00
# Visual Studio Version 17
Project("{2150E333-8FDC-42A3-9474-1A3956D46DE8}") = "CMakePredefinedTargets", "CMakePredefinedTargets", "{531186D5-97FC-3180-983A-1F1A5B6B09F6}"
EndProject
Project("{8BC9CEB8-8B4A-11D0-8D11-00A0C91BC942}") = "ALL_BUILD", "ALL_BUILD.vcxproj", "{47E6600C-2619-3047-8DC4-B386E4CF1B39}"
	ProjectSection(ProjectDependencies) = postProject
		{3ACF3CF1-4C99-3A1F-AC07-D3E87D97408D} = {3ACF3CF1-4C99-3A1F-AC07-D3E87D97408D}
		{B2C00671-0E74-3D71-8883-37477FC0A7C3} = {B2C00671-0E74-3D71-8883-37477FC0A7C3}
	EndProjectSection
EndProject
Project("{8BC9CEB8-8B4A-11D0-8D11-00A0C91BC942}") = "INSTALL", "INSTALL.vcxproj", "{D34728FB-FBAD-32FE-9719-B2E90D8C831A}"
	ProjectSection(ProjectDependencies) = postProject
		{47E6600C-2619-3047-8DC4-B386E4CF1B39} = {47E6600C-2619-3047-8DC4-B386E4CF1B39}
		{3ACF3CF1-4C99-3A1F-AC07-D3E87D97408D} = {3ACF3CF1-4C99-3A1F-AC07-D3E87D97408D}
	EndProjectSection
EndProject
Project("{8BC9CEB8-8B4A-11D0-8D11-00A0C91BC942}") = "RUN_TESTS", "RUN_TESTS.vcxproj", "{1D1089AA-BBA8-3810-8C4D-B88133DDFCE8}"
	ProjectSection(ProjectDependencies) = postProject
		{3ACF3CF1-4C99-3A1F-AC07-D3E87D97408D} = {3ACF3CF1-4C99-3A1F-AC07-D3E87D97408D}
	EndProjectSection
EndProject
Project("{8BC9CEB8-8B4A-11D0-8D11-00A0C91BC942}") = "ZERO_CHECK", "..\\ZERO_CHECK.vcxproj", "{3ACF3CF1-4C99-3A1F-AC07-D3E87D97408D}"
	ProjectSection(ProjectDependencies) = postProject
	EndProjectSection
EndProject
Project("{8BC9CEB8-8B4A-11D0-8D11-00A0C91BC942}") = "oficonv", "..\oficonv\libsrc\oficonv.vcxproj", "{D43EEDAC-770F-3EC5-ACE5-9B857D2246B3}"
	ProjectSection(ProjectDependencies) = postProject
		{3ACF3CF1-4C99-3A1F-AC07-D3E87D97408D} = {3ACF3CF1-4C99-3A1F-AC07-D3E87D97408D}
	EndProjectSection
EndProject
Project("{8BC9CEB8-8B4A-11D0-8D11-00A0C91BC942}") = "oflog", "libsrc\oflog.vcxproj", "{B2C00671-0E74-3D71-8883-37477FC0A7C3}"
	ProjectSection(ProjectDependencies) = postProject
		{3ACF3CF1-4C99-3A1F-AC07-D3E87D97408D} = {3ACF3CF1-4C99-3A1F-AC07-D3E87D97408D}
		{D43EEDAC-770F-3EC5-ACE5-9B857D2246B3} = {D43EEDAC-770F-3EC5-ACE5-9B857D2246B3}
		{3843C671-E1D4-3D7E-8029-758BABE3859D} = {3843C671-E1D4-3D7E-8029-758BABE3859D}
	EndProjectSection
EndProject
Project("{8BC9CEB8-8B4A-11D0-8D11-00A0C91BC942}") = "ofstd", "..\ofstd\libsrc\ofstd.vcxproj", "{3843C671-E1D4-3D7E-8029-758BABE3859D}"
	ProjectSection(ProjectDependencies) = postProject
		{3ACF3CF1-4C99-3A1F-AC07-D3E87D97408D} = {3ACF3CF1-4C99-3A1F-AC07-D3E87D97408D}
		{D43EEDAC-770F-3EC5-ACE5-9B857D2246B3} = {D43EEDAC-770F-3EC5-ACE5-9B857D2246B3}
	EndProjectSection
EndProject
Global
	GlobalSection(SolutionConfigurationPlatforms) = preSolution
		Debug|x64 = Debug|x64
		Release|x64 = Release|x64
		MinSizeRel|x64 = MinSizeRel|x64
		RelWithDebInfo|x64 = RelWithDebInfo|x64
	EndGlobalSection
	GlobalSection(ProjectConfigurationPlatforms) = postSolution
		{47E6600C-2619-3047-8DC4-B386E4CF1B39}.Debug|x64.ActiveCfg = Debug|x64
		{47E6600C-2619-3047-8DC4-B386E4CF1B39}.Debug|x64.Build.0 = Debug|x64
		{47E6600C-2619-3047-8DC4-B386E4CF1B39}.Release|x64.ActiveCfg = Release|x64
		{47E6600C-2619-3047-8DC4-B386E4CF1B39}.Release|x64.Build.0 = Release|x64
		{47E6600C-2619-3047-8DC4-B386E4CF1B39}.MinSizeRel|x64.ActiveCfg = MinSizeRel|x64
		{47E6600C-2619-3047-8DC4-B386E4CF1B39}.MinSizeRel|x64.Build.0 = MinSizeRel|x64
		{47E6600C-2619-3047-8DC4-B386E4CF1B39}.RelWithDebInfo|x64.ActiveCfg = RelWithDebInfo|x64
		{47E6600C-2619-3047-8DC4-B386E4CF1B39}.RelWithDebInfo|x64.Build.0 = RelWithDebInfo|x64
		{D34728FB-FBAD-32FE-9719-B2E90D8C831A}.Debug|x64.ActiveCfg = Debug|x64
		{D34728FB-FBAD-32FE-9719-B2E90D8C831A}.Release|x64.ActiveCfg = Release|x64
		{D34728FB-FBAD-32FE-9719-B2E90D8C831A}.MinSizeRel|x64.ActiveCfg = MinSizeRel|x64
		{D34728FB-FBAD-32FE-9719-B2E90D8C831A}.RelWithDebInfo|x64.ActiveCfg = RelWithDebInfo|x64
		{1D1089AA-BBA8-3810-8C4D-B88133DDFCE8}.Debug|x64.ActiveCfg = Debug|x64
		{1D1089AA-BBA8-3810-8C4D-B88133DDFCE8}.Release|x64.ActiveCfg = Release|x64
		{1D1089AA-BBA8-3810-8C4D-B88133DDFCE8}.MinSizeRel|x64.ActiveCfg = MinSizeRel|x64
		{1D1089AA-BBA8-3810-8C4D-B88133DDFCE8}.RelWithDebInfo|x64.ActiveCfg = RelWithDebInfo|x64
		{3ACF3CF1-4C99-3A1F-AC07-D3E87D97408D}.Debug|x64.ActiveCfg = Debug|x64
		{3ACF3CF1-4C99-3A1F-AC07-D3E87D97408D}.Debug|x64.Build.0 = Debug|x64
		{3ACF3CF1-4C99-3A1F-AC07-D3E87D97408D}.Release|x64.ActiveCfg = Release|x64
		{3ACF3CF1-4C99-3A1F-AC07-D3E87D97408D}.Release|x64.Build.0 = Release|x64
		{3ACF3CF1-4C99-3A1F-AC07-D3E87D97408D}.MinSizeRel|x64.ActiveCfg = MinSizeRel|x64
		{3ACF3CF1-4C99-3A1F-AC07-D3E87D97408D}.MinSizeRel|x64.Build.0 = MinSizeRel|x64
		{3ACF3CF1-4C99-3A1F-AC07-D3E87D97408D}.RelWithDebInfo|x64.ActiveCfg = RelWithDebInfo|x64
		{3ACF3CF1-4C99-3A1F-AC07-D3E87D97408D}.RelWithDebInfo|x64.Build.0 = RelWithDebInfo|x64
		{D43EEDAC-770F-3EC5-ACE5-9B857D2246B3}.Debug|x64.ActiveCfg = Debug|x64
		{D43EEDAC-770F-3EC5-ACE5-9B857D2246B3}.Debug|x64.Build.0 = Debug|x64
		{D43EEDAC-770F-3EC5-ACE5-9B857D2246B3}.Release|x64.ActiveCfg = Release|x64
		{D43EEDAC-770F-3EC5-ACE5-9B857D2246B3}.Release|x64.Build.0 = Release|x64
		{D43EEDAC-770F-3EC5-ACE5-9B857D2246B3}.MinSizeRel|x64.ActiveCfg = MinSizeRel|x64
		{D43EEDAC-770F-3EC5-ACE5-9B857D2246B3}.MinSizeRel|x64.Build.0 = MinSizeRel|x64
		{D43EEDAC-770F-3EC5-ACE5-9B857D2246B3}.RelWithDebInfo|x64.ActiveCfg = RelWithDebInfo|x64
		{D43EEDAC-770F-3EC5-ACE5-9B857D2246B3}.RelWithDebInfo|x64.Build.0 = RelWithDebInfo|x64
		{B2C00671-0E74-3D71-8883-37477FC0A7C3}.Debug|x64.ActiveCfg = Debug|x64
		{B2C00671-0E74-3D71-8883-37477FC0A7C3}.Debug|x64.Build.0 = Debug|x64
		{B2C00671-0E74-3D71-8883-37477FC0A7C3}.Release|x64.ActiveCfg = Release|x64
		{B2C00671-0E74-3D71-8883-37477FC0A7C3}.Release|x64.Build.0 = Release|x64
		{B2C00671-0E74-3D71-8883-37477FC0A7C3}.MinSizeRel|x64.ActiveCfg = MinSizeRel|x64
		{B2C00671-0E74-3D71-8883-37477FC0A7C3}.MinSizeRel|x64.Build.0 = MinSizeRel|x64
		{B2C00671-0E74-3D71-8883-37477FC0A7C3}.RelWithDebInfo|x64.ActiveCfg = RelWithDebInfo|x64
		{B2C00671-0E74-3D71-8883-37477FC0A7C3}.RelWithDebInfo|x64.Build.0 = RelWithDebInfo|x64
		{3843C671-E1D4-3D7E-8029-758BABE3859D}.Debug|x64.ActiveCfg = Debug|x64
		{3843C671-E1D4-3D7E-8029-758BABE3859D}.Debug|x64.Build.0 = Debug|x64
		{3843C671-E1D4-3D7E-8029-758BABE3859D}.Release|x64.ActiveCfg = Release|x64
		{3843C671-E1D4-3D7E-8029-758BABE3859D}.Release|x64.Build.0 = Release|x64
		{3843C671-E1D4-3D7E-8029-758BABE3859D}.MinSizeRel|x64.ActiveCfg = MinSizeRel|x64
		{3843C671-E1D4-3D7E-8029-758BABE3859D}.MinSizeRel|x64.Build.0 = MinSizeRel|x64
		{3843C671-E1D4-3D7E-8029-758BABE3859D}.RelWithDebInfo|x64.ActiveCfg = RelWithDebInfo|x64
		{3843C671-E1D4-3D7E-8029-758BABE3859D}.RelWithDebInfo|x64.Build.0 = RelWithDebInfo|x64
	EndGlobalSection
	GlobalSection(NestedProjects) = preSolution
		{47E6600C-2619-3047-8DC4-B386E4CF1B39} = {531186D5-97FC-3180-983A-1F1A5B6B09F6}
		{D34728FB-FBAD-32FE-9719-B2E90D8C831A} = {531186D5-97FC-3180-983A-1F1A5B6B09F6}
		{1D1089AA-BBA8-3810-8C4D-B88133DDFCE8} = {531186D5-97FC-3180-983A-1F1A5B6B09F6}
		{3ACF3CF1-4C99-3A1F-AC07-D3E87D97408D} = {531186D5-97FC-3180-983A-1F1A5B6B09F6}
	EndGlobalSection
	GlobalSection(ExtensibilityGlobals) = postSolution
		SolutionGuid = {130021D3-82C4-39CA-AC77-290463E9144B}
	EndGlobalSection
	GlobalSection(ExtensibilityAddIns) = postSolution
	EndGlobalSection
EndGlobal
