
Microsoft Visual Studio Solution File, Format Version 9.00
# Visual Studio 2005
Project("{8BC9CEB8-8B4A-11D0-8D11-00A0C91BC942}") = "PXDcmSServer", "PXDcmSServer.vcproj", "{A9CF8AB2-59B0-44A2-BAF4-0DD1884487CB}"
	ProjectSection(WebsiteProperties) = preProject
		Debug.AspNetCompiler.Debug = "True"
		Release.AspNetCompiler.Debug = "False"
	EndProjectSection
	ProjectSection(ProjectDependencies) = postProject
		{79BA1819-545A-40BB-9A63-B3E516491D49} = {79BA1819-545A-40BB-9A63-B3E516491D49}
		{7DBB2F41-195D-4FFC-A19E-2C26D44E0B23} = {7DBB2F41-195D-4FFC-A19E-2C26D44E0B23}
		{CEFE8284-A5E4-400D-95F9-986B5F62D7A2} = {CEFE8284-A5E4-400D-95F9-986B5F62D7A2}
		{98B3FB86-560C-4394-AF3C-39CEC2A735F7} = {98B3FB86-560C-4394-AF3C-39CEC2A735F7}
		{165F9995-8480-4C78-8A37-58B09481A928} = {165F9995-8480-4C78-8A37-58B09481A928}
		{19B837E2-BEC2-43DA-A14A-64C178E427A4} = {19B837E2-BEC2-43DA-A14A-64C178E427A4}
	EndProjectSection
EndProject
Project("{8BC9CEB8-8B4A-11D0-8D11-00A0C91BC942}") = "PxDbLib", "..\PxDbLib\PxDbLib.vcproj", "{98B3FB86-560C-4394-AF3C-39CEC2A735F7}"
	ProjectSection(WebsiteProperties) = preProject
		Debug.AspNetCompiler.Debug = "True"
		Release.AspNetCompiler.Debug = "False"
	EndProjectSection
	ProjectSection(ProjectDependencies) = postProject
		{7DBB2F41-195D-4FFC-A19E-2C26D44E0B23} = {7DBB2F41-195D-4FFC-A19E-2C26D44E0B23}
		{165F9995-8480-4C78-8A37-58B09481A928} = {165F9995-8480-4C78-8A37-58B09481A928}
		{19B837E2-BEC2-43DA-A14A-64C178E427A4} = {19B837E2-BEC2-43DA-A14A-64C178E427A4}
	EndProjectSection
EndProject
Project("{8BC9CEB8-8B4A-11D0-8D11-00A0C91BC942}") = "PxDcmDataLib", "..\PxDcmDataLib\PxDcmDataLib.vcproj", "{79BA1819-545A-40BB-9A63-B3E516491D49}"
	ProjectSection(WebsiteProperties) = preProject
		Debug.AspNetCompiler.Debug = "True"
		Release.AspNetCompiler.Debug = "False"
	EndProjectSection
	ProjectSection(ProjectDependencies) = postProject
		{7DBB2F41-195D-4FFC-A19E-2C26D44E0B23} = {7DBB2F41-195D-4FFC-A19E-2C26D44E0B23}
		{98B3FB86-560C-4394-AF3C-39CEC2A735F7} = {98B3FB86-560C-4394-AF3C-39CEC2A735F7}
		{165F9995-8480-4C78-8A37-58B09481A928} = {165F9995-8480-4C78-8A37-58B09481A928}
		{19B837E2-BEC2-43DA-A14A-64C178E427A4} = {19B837E2-BEC2-43DA-A14A-64C178E427A4}
	EndProjectSection
EndProject
Project("{8BC9CEB8-8B4A-11D0-8D11-00A0C91BC942}") = "PxComLib", "..\PxComLib\PxComLib.vcproj", "{7DBB2F41-195D-4FFC-A19E-2C26D44E0B23}"
	ProjectSection(WebsiteProperties) = preProject
		Debug.AspNetCompiler.Debug = "True"
		Release.AspNetCompiler.Debug = "False"
	EndProjectSection
EndProject
Project("{8BC9CEB8-8B4A-11D0-8D11-00A0C91BC942}") = "PXAppComLib", "..\PXAppComLib\PXAppComLib.vcproj", "{165F9995-8480-4C78-8A37-58B09481A928}"
	ProjectSection(WebsiteProperties) = preProject
		Debug.AspNetCompiler.Debug = "True"
		Release.AspNetCompiler.Debug = "False"
	EndProjectSection
	ProjectSection(ProjectDependencies) = postProject
		{7DBB2F41-195D-4FFC-A19E-2C26D44E0B23} = {7DBB2F41-195D-4FFC-A19E-2C26D44E0B23}
	EndProjectSection
EndProject
Project("{8BC9CEB8-8B4A-11D0-8D11-00A0C91BC942}") = "PXDcmNetLib", "..\PxDcmNetLib\src\PXDcmNetLib.vcproj", "{CEFE8284-A5E4-400D-95F9-986B5F62D7A2}"
	ProjectSection(WebsiteProperties) = preProject
		Debug.AspNetCompiler.Debug = "True"
		Release.AspNetCompiler.Debug = "False"
	EndProjectSection
	ProjectSection(ProjectDependencies) = postProject
		{7DBB2F41-195D-4FFC-A19E-2C26D44E0B23} = {7DBB2F41-195D-4FFC-A19E-2C26D44E0B23}
		{98B3FB86-560C-4394-AF3C-39CEC2A735F7} = {98B3FB86-560C-4394-AF3C-39CEC2A735F7}
		{165F9995-8480-4C78-8A37-58B09481A928} = {165F9995-8480-4C78-8A37-58B09481A928}
		{19B837E2-BEC2-43DA-A14A-64C178E427A4} = {19B837E2-BEC2-43DA-A14A-64C178E427A4}
	EndProjectSection
EndProject
Project("{8BC9CEB8-8B4A-11D0-8D11-00A0C91BC942}") = "DcmLib", "..\PxComLib\Src\DcmLib\src\dcmlib.vcproj", "{19B837E2-BEC2-43DA-A14A-64C178E427A4}"
	ProjectSection(WebsiteProperties) = preProject
		Debug.AspNetCompiler.Debug = "True"
		Release.AspNetCompiler.Debug = "False"
	EndProjectSection
EndProject
Global
	GlobalSection(SolutionConfigurationPlatforms) = preSolution
		Debug|Win32 = Debug|Win32
		Release|Win32 = Release|Win32
	EndGlobalSection
	GlobalSection(ProjectConfigurationPlatforms) = postSolution
		{A9CF8AB2-59B0-44A2-BAF4-0DD1884487CB}.Debug|Win32.ActiveCfg = Debug|Win32
		{A9CF8AB2-59B0-44A2-BAF4-0DD1884487CB}.Debug|Win32.Build.0 = Debug|Win32
		{A9CF8AB2-59B0-44A2-BAF4-0DD1884487CB}.Release|Win32.ActiveCfg = Release|Win32
		{A9CF8AB2-59B0-44A2-BAF4-0DD1884487CB}.Release|Win32.Build.0 = Release|Win32
		{98B3FB86-560C-4394-AF3C-39CEC2A735F7}.Debug|Win32.ActiveCfg = Debug|Win32
		{98B3FB86-560C-4394-AF3C-39CEC2A735F7}.Debug|Win32.Build.0 = Debug|Win32
		{98B3FB86-560C-4394-AF3C-39CEC2A735F7}.Release|Win32.ActiveCfg = Release|Win32
		{98B3FB86-560C-4394-AF3C-39CEC2A735F7}.Release|Win32.Build.0 = Release|Win32
		{79BA1819-545A-40BB-9A63-B3E516491D49}.Debug|Win32.ActiveCfg = Debug|Win32
		{79BA1819-545A-40BB-9A63-B3E516491D49}.Debug|Win32.Build.0 = Debug|Win32
		{79BA1819-545A-40BB-9A63-B3E516491D49}.Release|Win32.ActiveCfg = Release|Win32
		{79BA1819-545A-40BB-9A63-B3E516491D49}.Release|Win32.Build.0 = Release|Win32
		{7DBB2F41-195D-4FFC-A19E-2C26D44E0B23}.Debug|Win32.ActiveCfg = Debug|Win32
		{7DBB2F41-195D-4FFC-A19E-2C26D44E0B23}.Debug|Win32.Build.0 = Debug|Win32
		{7DBB2F41-195D-4FFC-A19E-2C26D44E0B23}.Release|Win32.ActiveCfg = Release|Win32
		{7DBB2F41-195D-4FFC-A19E-2C26D44E0B23}.Release|Win32.Build.0 = Release|Win32
		{165F9995-8480-4C78-8A37-58B09481A928}.Debug|Win32.ActiveCfg = Debug|Win32
		{165F9995-8480-4C78-8A37-58B09481A928}.Debug|Win32.Build.0 = Debug|Win32
		{165F9995-8480-4C78-8A37-58B09481A928}.Release|Win32.ActiveCfg = Release|Win32
		{165F9995-8480-4C78-8A37-58B09481A928}.Release|Win32.Build.0 = Release|Win32
		{CEFE8284-A5E4-400D-95F9-986B5F62D7A2}.Debug|Win32.ActiveCfg = Debug|Win32
		{CEFE8284-A5E4-400D-95F9-986B5F62D7A2}.Debug|Win32.Build.0 = Debug|Win32
		{CEFE8284-A5E4-400D-95F9-986B5F62D7A2}.Release|Win32.ActiveCfg = Release|Win32
		{CEFE8284-A5E4-400D-95F9-986B5F62D7A2}.Release|Win32.Build.0 = Release|Win32
		{19B837E2-BEC2-43DA-A14A-64C178E427A4}.Debug|Win32.ActiveCfg = Debug|Win32
		{19B837E2-BEC2-43DA-A14A-64C178E427A4}.Debug|Win32.Build.0 = Debug|Win32
		{19B837E2-BEC2-43DA-A14A-64C178E427A4}.Release|Win32.ActiveCfg = Release|Win32
		{19B837E2-BEC2-43DA-A14A-64C178E427A4}.Release|Win32.Build.0 = Release|Win32
	EndGlobalSection
	GlobalSection(SolutionProperties) = preSolution
		HideSolutionNode = FALSE
	EndGlobalSection
EndGlobal
