
Microsoft Visual Studio Solution File, Format Version 12.00
# Visual Studio Version 17
VisualStudioVersion = 17.14.36301.6 d17.14
MinimumVisualStudioVersion = 10.0.40219.1
Project("{54435603-DBB4-11D2-8724-00A0C9A8B90C}") = "PXDcmGateWayInstaller", "PXDcmGateWayInstaller.vdproj", "{05BBBB9D-C6E3-4908-9406-BB5A6409B61C}"
EndProject
Global
	GlobalSection(SolutionConfigurationPlatforms) = preSolution
		Debug|Default = Debug|Default
		Release|Default = Release|Default
	EndGlobalSection
	GlobalSection(ProjectConfigurationPlatforms) = postSolution
		{05BBBB9D-C6E3-4908-9406-BB5A6409B61C}.Debug|Default.ActiveCfg = Debug
		{05BBBB9D-C6E3-4908-9406-BB5A6409B61C}.Debug|Default.Build.0 = Debug
		{05BBBB9D-C6E3-4908-9406-BB5A6409B61C}.Release|Default.ActiveCfg = Release
		{05BBBB9D-C6E3-4908-9406-BB5A6409B61C}.Release|Default.Build.0 = Release
	EndGlobalSection
	GlobalSection(SolutionProperties) = preSolution
		HideSolutionNode = FALSE
	EndGlobalSection
	GlobalSection(ExtensibilityGlobals) = postSolution
		SolutionGuid = {83C56D23-EB79-4EA6-B7B0-758A3EC16C87}
	EndGlobalSection
EndGlobal
