Microsoft Visual Studio Solution File, Format Version 12.00
# Visual Studio 2013
Project("{8BC9CEB8-8B4A-11D0-8D11-00A0C91BC942}") = "ALL_BUILD", "ALL_BUILD.vcxproj", "{73879497-A4FC-3398-889E-8E2AF75A0BBF}"
	ProjectSection(ProjectDependencies) = postProject
		{113B1394-F2B8-30E1-9F91-AA80F9CC20A1} = {113B1394-F2B8-30E1-9F91-AA80F9CC20A1}
		{F00A80A5-8545-357B-8A2F-957C1C0978C0} = {F00A80A5-8545-357B-8A2F-957C1C0978C0}
		{CAD48F57-B355-35C1-94B2-29C5C00FB29C} = {CAD48F57-B355-35C1-94B2-29C5C00FB29C}
		{90A63534-C8B4-34C8-928E-0D5F70F4CE23} = {90A63534-C8B4-34C8-928E-0D5F70F4CE23}
		{EABD4D8C-5F39-328F-89C6-68942866EEE6} = {EABD4D8C-5F39-328F-89C6-68942866EEE6}
		{BDAE4982-80E1-3D52-83EE-C11C209B056A} = {BDAE4982-80E1-3D52-83EE-C11C209B056A}
		{EE7131FC-F18D-3207-AD19-F3F345861174} = {EE7131FC-F18D-3207-AD19-F3F345861174}
		{36D7DE77-514B-32FD-B9F7-03B63F44A4CA} = {36D7DE77-514B-32FD-B9F7-03B63F44A4CA}
		{8A1B6EFB-764A-3F67-905C-0D4B474A60FC} = {8A1B6EFB-764A-3F67-905C-0D4B474A60FC}
		{C38EEDBF-DA9D-307E-8CA1-760886BBE58C} = {C38EEDBF-DA9D-307E-8CA1-760886BBE58C}
		{A14B5546-6C87-34BD-8434-88AC9D305C6C} = {A14B5546-6C87-34BD-8434-88AC9D305C6C}
		{BCBE5938-848E-304D-BB15-C22D1778C227} = {BCBE5938-848E-304D-BB15-C22D1778C227}
		{B8D310A3-2785-3563-80E2-75D1C1D13AD8} = {B8D310A3-2785-3563-80E2-75D1C1D13AD8}
		{6FBC9953-ABE8-33D8-BD5B-D71B950E298C} = {6FBC9953-ABE8-33D8-BD5B-D71B950E298C}
		{C71935A4-1504-3CC2-8F3D-80575AAFCEFB} = {C71935A4-1504-3CC2-8F3D-80575AAFCEFB}
		{A25AD224-AE6B-3879-BBB4-72B1D81091EB} = {A25AD224-AE6B-3879-BBB4-72B1D81091EB}
		{0ACF2A3D-EB5F-3D0E-8953-47A19657FAAE} = {0ACF2A3D-EB5F-3D0E-8953-47A19657FAAE}
		{8E89B416-6E8F-33B1-A894-462C56818D1F} = {8E89B416-6E8F-33B1-A894-462C56818D1F}
		{E2EF9179-3ED5-373F-9137-98342CD185D3} = {E2EF9179-3ED5-373F-9137-98342CD185D3}
		{688732DA-94D0-3643-A415-941C0138B669} = {688732DA-94D0-3643-A415-941C0138B669}
		{ABA1EF1B-8985-3D34-9F5C-4142DDA7B03A} = {ABA1EF1B-8985-3D34-9F5C-4142DDA7B03A}
	EndProjectSection
EndProject
Project("{8BC9CEB8-8B4A-11D0-8D11-00A0C91BC942}") = "INSTALL", "INSTALL.vcxproj", "{AFF6746F-7CF9-337F-A660-E6DA4EFA8A6C}"
	ProjectSection(ProjectDependencies) = postProject
		{73879497-A4FC-3398-889E-8E2AF75A0BBF} = {73879497-A4FC-3398-889E-8E2AF75A0BBF}
		{113B1394-F2B8-30E1-9F91-AA80F9CC20A1} = {113B1394-F2B8-30E1-9F91-AA80F9CC20A1}
	EndProjectSection
EndProject
Project("{8BC9CEB8-8B4A-11D0-8D11-00A0C91BC942}") = "ZERO_CHECK", "..\\ZERO_CHECK.vcxproj", "{113B1394-F2B8-30E1-9F91-AA80F9CC20A1}"
	ProjectSection(ProjectDependencies) = postProject
	EndProjectSection
EndProject
Project("{8BC9CEB8-8B4A-11D0-8D11-00A0C91BC942}") = "dcm2pdf", "apps\dcm2pdf.vcxproj", "{F00A80A5-8545-357B-8A2F-957C1C0978C0}"
	ProjectSection(ProjectDependencies) = postProject
		{113B1394-F2B8-30E1-9F91-AA80F9CC20A1} = {113B1394-F2B8-30E1-9F91-AA80F9CC20A1}
		{BDAE4982-80E1-3D52-83EE-C11C209B056A} = {BDAE4982-80E1-3D52-83EE-C11C209B056A}
		{3F3337C5-7C9C-3F32-A2BC-CFD28212B1F8} = {3F3337C5-7C9C-3F32-A2BC-CFD28212B1F8}
		{7B0D6A4A-D7C8-39B8-BF85-DD9F4B45F260} = {7B0D6A4A-D7C8-39B8-BF85-DD9F4B45F260}
	EndProjectSection
EndProject
Project("{8BC9CEB8-8B4A-11D0-8D11-00A0C91BC942}") = "dcm2xml", "apps\dcm2xml.vcxproj", "{CAD48F57-B355-35C1-94B2-29C5C00FB29C}"
	ProjectSection(ProjectDependencies) = postProject
		{113B1394-F2B8-30E1-9F91-AA80F9CC20A1} = {113B1394-F2B8-30E1-9F91-AA80F9CC20A1}
		{BDAE4982-80E1-3D52-83EE-C11C209B056A} = {BDAE4982-80E1-3D52-83EE-C11C209B056A}
		{3F3337C5-7C9C-3F32-A2BC-CFD28212B1F8} = {3F3337C5-7C9C-3F32-A2BC-CFD28212B1F8}
		{7B0D6A4A-D7C8-39B8-BF85-DD9F4B45F260} = {7B0D6A4A-D7C8-39B8-BF85-DD9F4B45F260}
	EndProjectSection
EndProject
Project("{8BC9CEB8-8B4A-11D0-8D11-00A0C91BC942}") = "dcmconv", "apps\dcmconv.vcxproj", "{90A63534-C8B4-34C8-928E-0D5F70F4CE23}"
	ProjectSection(ProjectDependencies) = postProject
		{113B1394-F2B8-30E1-9F91-AA80F9CC20A1} = {113B1394-F2B8-30E1-9F91-AA80F9CC20A1}
		{BDAE4982-80E1-3D52-83EE-C11C209B056A} = {BDAE4982-80E1-3D52-83EE-C11C209B056A}
		{3F3337C5-7C9C-3F32-A2BC-CFD28212B1F8} = {3F3337C5-7C9C-3F32-A2BC-CFD28212B1F8}
		{7B0D6A4A-D7C8-39B8-BF85-DD9F4B45F260} = {7B0D6A4A-D7C8-39B8-BF85-DD9F4B45F260}
	EndProjectSection
EndProject
Project("{8BC9CEB8-8B4A-11D0-8D11-00A0C91BC942}") = "dcmcrle", "apps\dcmcrle.vcxproj", "{EABD4D8C-5F39-328F-89C6-68942866EEE6}"
	ProjectSection(ProjectDependencies) = postProject
		{113B1394-F2B8-30E1-9F91-AA80F9CC20A1} = {113B1394-F2B8-30E1-9F91-AA80F9CC20A1}
		{BDAE4982-80E1-3D52-83EE-C11C209B056A} = {BDAE4982-80E1-3D52-83EE-C11C209B056A}
		{3F3337C5-7C9C-3F32-A2BC-CFD28212B1F8} = {3F3337C5-7C9C-3F32-A2BC-CFD28212B1F8}
		{7B0D6A4A-D7C8-39B8-BF85-DD9F4B45F260} = {7B0D6A4A-D7C8-39B8-BF85-DD9F4B45F260}
	EndProjectSection
EndProject
Project("{8BC9CEB8-8B4A-11D0-8D11-00A0C91BC942}") = "dcmdata", "libsrc\dcmdata.vcxproj", "{BDAE4982-80E1-3D52-83EE-C11C209B056A}"
	ProjectSection(ProjectDependencies) = postProject
		{113B1394-F2B8-30E1-9F91-AA80F9CC20A1} = {113B1394-F2B8-30E1-9F91-AA80F9CC20A1}
	EndProjectSection
EndProject
Project("{8BC9CEB8-8B4A-11D0-8D11-00A0C91BC942}") = "dcmdrle", "apps\dcmdrle.vcxproj", "{EE7131FC-F18D-3207-AD19-F3F345861174}"
	ProjectSection(ProjectDependencies) = postProject
		{113B1394-F2B8-30E1-9F91-AA80F9CC20A1} = {113B1394-F2B8-30E1-9F91-AA80F9CC20A1}
		{BDAE4982-80E1-3D52-83EE-C11C209B056A} = {BDAE4982-80E1-3D52-83EE-C11C209B056A}
		{3F3337C5-7C9C-3F32-A2BC-CFD28212B1F8} = {3F3337C5-7C9C-3F32-A2BC-CFD28212B1F8}
		{7B0D6A4A-D7C8-39B8-BF85-DD9F4B45F260} = {7B0D6A4A-D7C8-39B8-BF85-DD9F4B45F260}
	EndProjectSection
EndProject
Project("{8BC9CEB8-8B4A-11D0-8D11-00A0C91BC942}") = "dcmdump", "apps\dcmdump.vcxproj", "{36D7DE77-514B-32FD-B9F7-03B63F44A4CA}"
	ProjectSection(ProjectDependencies) = postProject
		{113B1394-F2B8-30E1-9F91-AA80F9CC20A1} = {113B1394-F2B8-30E1-9F91-AA80F9CC20A1}
		{BDAE4982-80E1-3D52-83EE-C11C209B056A} = {BDAE4982-80E1-3D52-83EE-C11C209B056A}
		{3F3337C5-7C9C-3F32-A2BC-CFD28212B1F8} = {3F3337C5-7C9C-3F32-A2BC-CFD28212B1F8}
		{7B0D6A4A-D7C8-39B8-BF85-DD9F4B45F260} = {7B0D6A4A-D7C8-39B8-BF85-DD9F4B45F260}
	EndProjectSection
EndProject
Project("{8BC9CEB8-8B4A-11D0-8D11-00A0C91BC942}") = "dcmftest", "apps\dcmftest.vcxproj", "{8A1B6EFB-764A-3F67-905C-0D4B474A60FC}"
	ProjectSection(ProjectDependencies) = postProject
		{113B1394-F2B8-30E1-9F91-AA80F9CC20A1} = {113B1394-F2B8-30E1-9F91-AA80F9CC20A1}
		{7B0D6A4A-D7C8-39B8-BF85-DD9F4B45F260} = {7B0D6A4A-D7C8-39B8-BF85-DD9F4B45F260}
	EndProjectSection
EndProject
Project("{8BC9CEB8-8B4A-11D0-8D11-00A0C91BC942}") = "dcmgpdir", "apps\dcmgpdir.vcxproj", "{C38EEDBF-DA9D-307E-8CA1-760886BBE58C}"
	ProjectSection(ProjectDependencies) = postProject
		{113B1394-F2B8-30E1-9F91-AA80F9CC20A1} = {113B1394-F2B8-30E1-9F91-AA80F9CC20A1}
		{BDAE4982-80E1-3D52-83EE-C11C209B056A} = {BDAE4982-80E1-3D52-83EE-C11C209B056A}
		{3F3337C5-7C9C-3F32-A2BC-CFD28212B1F8} = {3F3337C5-7C9C-3F32-A2BC-CFD28212B1F8}
		{7B0D6A4A-D7C8-39B8-BF85-DD9F4B45F260} = {7B0D6A4A-D7C8-39B8-BF85-DD9F4B45F260}
	EndProjectSection
EndProject
Project("{8BC9CEB8-8B4A-11D0-8D11-00A0C91BC942}") = "dcmodify", "apps\dcmodify.vcxproj", "{A14B5546-6C87-34BD-8434-88AC9D305C6C}"
	ProjectSection(ProjectDependencies) = postProject
		{113B1394-F2B8-30E1-9F91-AA80F9CC20A1} = {113B1394-F2B8-30E1-9F91-AA80F9CC20A1}
		{BDAE4982-80E1-3D52-83EE-C11C209B056A} = {BDAE4982-80E1-3D52-83EE-C11C209B056A}
		{3F3337C5-7C9C-3F32-A2BC-CFD28212B1F8} = {3F3337C5-7C9C-3F32-A2BC-CFD28212B1F8}
		{7B0D6A4A-D7C8-39B8-BF85-DD9F4B45F260} = {7B0D6A4A-D7C8-39B8-BF85-DD9F4B45F260}
	EndProjectSection
EndProject
Project("{8BC9CEB8-8B4A-11D0-8D11-00A0C91BC942}") = "dump2dcm", "apps\dump2dcm.vcxproj", "{BCBE5938-848E-304D-BB15-C22D1778C227}"
	ProjectSection(ProjectDependencies) = postProject
		{113B1394-F2B8-30E1-9F91-AA80F9CC20A1} = {113B1394-F2B8-30E1-9F91-AA80F9CC20A1}
		{BDAE4982-80E1-3D52-83EE-C11C209B056A} = {BDAE4982-80E1-3D52-83EE-C11C209B056A}
		{3F3337C5-7C9C-3F32-A2BC-CFD28212B1F8} = {3F3337C5-7C9C-3F32-A2BC-CFD28212B1F8}
		{7B0D6A4A-D7C8-39B8-BF85-DD9F4B45F260} = {7B0D6A4A-D7C8-39B8-BF85-DD9F4B45F260}
	EndProjectSection
EndProject
Project("{8BC9CEB8-8B4A-11D0-8D11-00A0C91BC942}") = "i2dbmp", "tests\i2dbmp.vcxproj", "{B8D310A3-2785-3563-80E2-75D1C1D13AD8}"
	ProjectSection(ProjectDependencies) = postProject
		{113B1394-F2B8-30E1-9F91-AA80F9CC20A1} = {113B1394-F2B8-30E1-9F91-AA80F9CC20A1}
		{BDAE4982-80E1-3D52-83EE-C11C209B056A} = {BDAE4982-80E1-3D52-83EE-C11C209B056A}
		{C71935A4-1504-3CC2-8F3D-80575AAFCEFB} = {C71935A4-1504-3CC2-8F3D-80575AAFCEFB}
		{3F3337C5-7C9C-3F32-A2BC-CFD28212B1F8} = {3F3337C5-7C9C-3F32-A2BC-CFD28212B1F8}
		{7B0D6A4A-D7C8-39B8-BF85-DD9F4B45F260} = {7B0D6A4A-D7C8-39B8-BF85-DD9F4B45F260}
	EndProjectSection
EndProject
Project("{8BC9CEB8-8B4A-11D0-8D11-00A0C91BC942}") = "img2dcm", "apps\img2dcm.vcxproj", "{6FBC9953-ABE8-33D8-BD5B-D71B950E298C}"
	ProjectSection(ProjectDependencies) = postProject
		{113B1394-F2B8-30E1-9F91-AA80F9CC20A1} = {113B1394-F2B8-30E1-9F91-AA80F9CC20A1}
		{BDAE4982-80E1-3D52-83EE-C11C209B056A} = {BDAE4982-80E1-3D52-83EE-C11C209B056A}
		{C71935A4-1504-3CC2-8F3D-80575AAFCEFB} = {C71935A4-1504-3CC2-8F3D-80575AAFCEFB}
		{3F3337C5-7C9C-3F32-A2BC-CFD28212B1F8} = {3F3337C5-7C9C-3F32-A2BC-CFD28212B1F8}
		{7B0D6A4A-D7C8-39B8-BF85-DD9F4B45F260} = {7B0D6A4A-D7C8-39B8-BF85-DD9F4B45F260}
	EndProjectSection
EndProject
Project("{8BC9CEB8-8B4A-11D0-8D11-00A0C91BC942}") = "libi2d", "libi2d\libi2d.vcxproj", "{C71935A4-1504-3CC2-8F3D-80575AAFCEFB}"
	ProjectSection(ProjectDependencies) = postProject
		{113B1394-F2B8-30E1-9F91-AA80F9CC20A1} = {113B1394-F2B8-30E1-9F91-AA80F9CC20A1}
	EndProjectSection
EndProject
Project("{8BC9CEB8-8B4A-11D0-8D11-00A0C91BC942}") = "oflog", "..\oflog\libsrc\oflog.vcxproj", "{3F3337C5-7C9C-3F32-A2BC-CFD28212B1F8}"
	ProjectSection(ProjectDependencies) = postProject
		{113B1394-F2B8-30E1-9F91-AA80F9CC20A1} = {113B1394-F2B8-30E1-9F91-AA80F9CC20A1}
	EndProjectSection
EndProject
Project("{8BC9CEB8-8B4A-11D0-8D11-00A0C91BC942}") = "ofstd", "..\ofstd\libsrc\ofstd.vcxproj", "{7B0D6A4A-D7C8-39B8-BF85-DD9F4B45F260}"
	ProjectSection(ProjectDependencies) = postProject
		{113B1394-F2B8-30E1-9F91-AA80F9CC20A1} = {113B1394-F2B8-30E1-9F91-AA80F9CC20A1}
	EndProjectSection
EndProject
Project("{8BC9CEB8-8B4A-11D0-8D11-00A0C91BC942}") = "pdf2dcm", "apps\pdf2dcm.vcxproj", "{A25AD224-AE6B-3879-BBB4-72B1D81091EB}"
	ProjectSection(ProjectDependencies) = postProject
		{113B1394-F2B8-30E1-9F91-AA80F9CC20A1} = {113B1394-F2B8-30E1-9F91-AA80F9CC20A1}
		{BDAE4982-80E1-3D52-83EE-C11C209B056A} = {BDAE4982-80E1-3D52-83EE-C11C209B056A}
		{3F3337C5-7C9C-3F32-A2BC-CFD28212B1F8} = {3F3337C5-7C9C-3F32-A2BC-CFD28212B1F8}
		{7B0D6A4A-D7C8-39B8-BF85-DD9F4B45F260} = {7B0D6A4A-D7C8-39B8-BF85-DD9F4B45F260}
	EndProjectSection
EndProject
Project("{8BC9CEB8-8B4A-11D0-8D11-00A0C91BC942}") = "tstchval", "tests\tstchval.vcxproj", "{0ACF2A3D-EB5F-3D0E-8953-47A19657FAAE}"
	ProjectSection(ProjectDependencies) = postProject
		{113B1394-F2B8-30E1-9F91-AA80F9CC20A1} = {113B1394-F2B8-30E1-9F91-AA80F9CC20A1}
		{BDAE4982-80E1-3D52-83EE-C11C209B056A} = {BDAE4982-80E1-3D52-83EE-C11C209B056A}
		{3F3337C5-7C9C-3F32-A2BC-CFD28212B1F8} = {3F3337C5-7C9C-3F32-A2BC-CFD28212B1F8}
		{7B0D6A4A-D7C8-39B8-BF85-DD9F4B45F260} = {7B0D6A4A-D7C8-39B8-BF85-DD9F4B45F260}
	EndProjectSection
EndProject
Project("{8BC9CEB8-8B4A-11D0-8D11-00A0C91BC942}") = "tstpath", "tests\tstpath.vcxproj", "{8E89B416-6E8F-33B1-A894-462C56818D1F}"
	ProjectSection(ProjectDependencies) = postProject
		{113B1394-F2B8-30E1-9F91-AA80F9CC20A1} = {113B1394-F2B8-30E1-9F91-AA80F9CC20A1}
		{BDAE4982-80E1-3D52-83EE-C11C209B056A} = {BDAE4982-80E1-3D52-83EE-C11C209B056A}
		{3F3337C5-7C9C-3F32-A2BC-CFD28212B1F8} = {3F3337C5-7C9C-3F32-A2BC-CFD28212B1F8}
		{7B0D6A4A-D7C8-39B8-BF85-DD9F4B45F260} = {7B0D6A4A-D7C8-39B8-BF85-DD9F4B45F260}
	EndProjectSection
EndProject
Project("{8BC9CEB8-8B4A-11D0-8D11-00A0C91BC942}") = "tstpread", "tests\tstpread.vcxproj", "{E2EF9179-3ED5-373F-9137-98342CD185D3}"
	ProjectSection(ProjectDependencies) = postProject
		{113B1394-F2B8-30E1-9F91-AA80F9CC20A1} = {113B1394-F2B8-30E1-9F91-AA80F9CC20A1}
		{BDAE4982-80E1-3D52-83EE-C11C209B056A} = {BDAE4982-80E1-3D52-83EE-C11C209B056A}
		{3F3337C5-7C9C-3F32-A2BC-CFD28212B1F8} = {3F3337C5-7C9C-3F32-A2BC-CFD28212B1F8}
		{7B0D6A4A-D7C8-39B8-BF85-DD9F4B45F260} = {7B0D6A4A-D7C8-39B8-BF85-DD9F4B45F260}
	EndProjectSection
EndProject
Project("{8BC9CEB8-8B4A-11D0-8D11-00A0C91BC942}") = "tvrdatim", "tests\tvrdatim.vcxproj", "{688732DA-94D0-3643-A415-941C0138B669}"
	ProjectSection(ProjectDependencies) = postProject
		{113B1394-F2B8-30E1-9F91-AA80F9CC20A1} = {113B1394-F2B8-30E1-9F91-AA80F9CC20A1}
		{BDAE4982-80E1-3D52-83EE-C11C209B056A} = {BDAE4982-80E1-3D52-83EE-C11C209B056A}
		{3F3337C5-7C9C-3F32-A2BC-CFD28212B1F8} = {3F3337C5-7C9C-3F32-A2BC-CFD28212B1F8}
		{7B0D6A4A-D7C8-39B8-BF85-DD9F4B45F260} = {7B0D6A4A-D7C8-39B8-BF85-DD9F4B45F260}
	EndProjectSection
EndProject
Project("{8BC9CEB8-8B4A-11D0-8D11-00A0C91BC942}") = "xml2dcm", "apps\xml2dcm.vcxproj", "{ABA1EF1B-8985-3D34-9F5C-4142DDA7B03A}"
	ProjectSection(ProjectDependencies) = postProject
		{113B1394-F2B8-30E1-9F91-AA80F9CC20A1} = {113B1394-F2B8-30E1-9F91-AA80F9CC20A1}
		{BDAE4982-80E1-3D52-83EE-C11C209B056A} = {BDAE4982-80E1-3D52-83EE-C11C209B056A}
		{3F3337C5-7C9C-3F32-A2BC-CFD28212B1F8} = {3F3337C5-7C9C-3F32-A2BC-CFD28212B1F8}
		{7B0D6A4A-D7C8-39B8-BF85-DD9F4B45F260} = {7B0D6A4A-D7C8-39B8-BF85-DD9F4B45F260}
	EndProjectSection
EndProject
Global
	GlobalSection(SolutionConfigurationPlatforms) = preSolution
		Debug|Win32 = Debug|Win32
		Release|Win32 = Release|Win32
		MinSizeRel|Win32 = MinSizeRel|Win32
		RelWithDebInfo|Win32 = RelWithDebInfo|Win32
	EndGlobalSection
	GlobalSection(ProjectConfigurationPlatforms) = postSolution
		{73879497-A4FC-3398-889E-8E2AF75A0BBF}.Debug|Win32.ActiveCfg = Debug|Win32
		{73879497-A4FC-3398-889E-8E2AF75A0BBF}.Debug|Win32.Build.0 = Debug|Win32
		{73879497-A4FC-3398-889E-8E2AF75A0BBF}.Release|Win32.ActiveCfg = Release|Win32
		{73879497-A4FC-3398-889E-8E2AF75A0BBF}.Release|Win32.Build.0 = Release|Win32
		{73879497-A4FC-3398-889E-8E2AF75A0BBF}.MinSizeRel|Win32.ActiveCfg = MinSizeRel|Win32
		{73879497-A4FC-3398-889E-8E2AF75A0BBF}.MinSizeRel|Win32.Build.0 = MinSizeRel|Win32
		{73879497-A4FC-3398-889E-8E2AF75A0BBF}.RelWithDebInfo|Win32.ActiveCfg = RelWithDebInfo|Win32
		{73879497-A4FC-3398-889E-8E2AF75A0BBF}.RelWithDebInfo|Win32.Build.0 = RelWithDebInfo|Win32
		{AFF6746F-7CF9-337F-A660-E6DA4EFA8A6C}.Debug|Win32.ActiveCfg = Debug|Win32
		{AFF6746F-7CF9-337F-A660-E6DA4EFA8A6C}.Release|Win32.ActiveCfg = Release|Win32
		{AFF6746F-7CF9-337F-A660-E6DA4EFA8A6C}.MinSizeRel|Win32.ActiveCfg = MinSizeRel|Win32
		{AFF6746F-7CF9-337F-A660-E6DA4EFA8A6C}.RelWithDebInfo|Win32.ActiveCfg = RelWithDebInfo|Win32
		{113B1394-F2B8-30E1-9F91-AA80F9CC20A1}.Debug|Win32.ActiveCfg = Debug|Win32
		{113B1394-F2B8-30E1-9F91-AA80F9CC20A1}.Debug|Win32.Build.0 = Debug|Win32
		{113B1394-F2B8-30E1-9F91-AA80F9CC20A1}.Release|Win32.ActiveCfg = Release|Win32
		{113B1394-F2B8-30E1-9F91-AA80F9CC20A1}.Release|Win32.Build.0 = Release|Win32
		{113B1394-F2B8-30E1-9F91-AA80F9CC20A1}.MinSizeRel|Win32.ActiveCfg = MinSizeRel|Win32
		{113B1394-F2B8-30E1-9F91-AA80F9CC20A1}.MinSizeRel|Win32.Build.0 = MinSizeRel|Win32
		{113B1394-F2B8-30E1-9F91-AA80F9CC20A1}.RelWithDebInfo|Win32.ActiveCfg = RelWithDebInfo|Win32
		{113B1394-F2B8-30E1-9F91-AA80F9CC20A1}.RelWithDebInfo|Win32.Build.0 = RelWithDebInfo|Win32
		{F00A80A5-8545-357B-8A2F-957C1C0978C0}.Debug|Win32.ActiveCfg = Debug|Win32
		{F00A80A5-8545-357B-8A2F-957C1C0978C0}.Debug|Win32.Build.0 = Debug|Win32
		{F00A80A5-8545-357B-8A2F-957C1C0978C0}.Release|Win32.ActiveCfg = Release|Win32
		{F00A80A5-8545-357B-8A2F-957C1C0978C0}.Release|Win32.Build.0 = Release|Win32
		{F00A80A5-8545-357B-8A2F-957C1C0978C0}.MinSizeRel|Win32.ActiveCfg = MinSizeRel|Win32
		{F00A80A5-8545-357B-8A2F-957C1C0978C0}.MinSizeRel|Win32.Build.0 = MinSizeRel|Win32
		{F00A80A5-8545-357B-8A2F-957C1C0978C0}.RelWithDebInfo|Win32.ActiveCfg = RelWithDebInfo|Win32
		{F00A80A5-8545-357B-8A2F-957C1C0978C0}.RelWithDebInfo|Win32.Build.0 = RelWithDebInfo|Win32
		{CAD48F57-B355-35C1-94B2-29C5C00FB29C}.Debug|Win32.ActiveCfg = Debug|Win32
		{CAD48F57-B355-35C1-94B2-29C5C00FB29C}.Debug|Win32.Build.0 = Debug|Win32
		{CAD48F57-B355-35C1-94B2-29C5C00FB29C}.Release|Win32.ActiveCfg = Release|Win32
		{CAD48F57-B355-35C1-94B2-29C5C00FB29C}.Release|Win32.Build.0 = Release|Win32
		{CAD48F57-B355-35C1-94B2-29C5C00FB29C}.MinSizeRel|Win32.ActiveCfg = MinSizeRel|Win32
		{CAD48F57-B355-35C1-94B2-29C5C00FB29C}.MinSizeRel|Win32.Build.0 = MinSizeRel|Win32
		{CAD48F57-B355-35C1-94B2-29C5C00FB29C}.RelWithDebInfo|Win32.ActiveCfg = RelWithDebInfo|Win32
		{CAD48F57-B355-35C1-94B2-29C5C00FB29C}.RelWithDebInfo|Win32.Build.0 = RelWithDebInfo|Win32
		{90A63534-C8B4-34C8-928E-0D5F70F4CE23}.Debug|Win32.ActiveCfg = Debug|Win32
		{90A63534-C8B4-34C8-928E-0D5F70F4CE23}.Debug|Win32.Build.0 = Debug|Win32
		{90A63534-C8B4-34C8-928E-0D5F70F4CE23}.Release|Win32.ActiveCfg = Release|Win32
		{90A63534-C8B4-34C8-928E-0D5F70F4CE23}.Release|Win32.Build.0 = Release|Win32
		{90A63534-C8B4-34C8-928E-0D5F70F4CE23}.MinSizeRel|Win32.ActiveCfg = MinSizeRel|Win32
		{90A63534-C8B4-34C8-928E-0D5F70F4CE23}.MinSizeRel|Win32.Build.0 = MinSizeRel|Win32
		{90A63534-C8B4-34C8-928E-0D5F70F4CE23}.RelWithDebInfo|Win32.ActiveCfg = RelWithDebInfo|Win32
		{90A63534-C8B4-34C8-928E-0D5F70F4CE23}.RelWithDebInfo|Win32.Build.0 = RelWithDebInfo|Win32
		{EABD4D8C-5F39-328F-89C6-68942866EEE6}.Debug|Win32.ActiveCfg = Debug|Win32
		{EABD4D8C-5F39-328F-89C6-68942866EEE6}.Debug|Win32.Build.0 = Debug|Win32
		{EABD4D8C-5F39-328F-89C6-68942866EEE6}.Release|Win32.ActiveCfg = Release|Win32
		{EABD4D8C-5F39-328F-89C6-68942866EEE6}.Release|Win32.Build.0 = Release|Win32
		{EABD4D8C-5F39-328F-89C6-68942866EEE6}.MinSizeRel|Win32.ActiveCfg = MinSizeRel|Win32
		{EABD4D8C-5F39-328F-89C6-68942866EEE6}.MinSizeRel|Win32.Build.0 = MinSizeRel|Win32
		{EABD4D8C-5F39-328F-89C6-68942866EEE6}.RelWithDebInfo|Win32.ActiveCfg = RelWithDebInfo|Win32
		{EABD4D8C-5F39-328F-89C6-68942866EEE6}.RelWithDebInfo|Win32.Build.0 = RelWithDebInfo|Win32
		{BDAE4982-80E1-3D52-83EE-C11C209B056A}.Debug|Win32.ActiveCfg = Debug|Win32
		{BDAE4982-80E1-3D52-83EE-C11C209B056A}.Debug|Win32.Build.0 = Debug|Win32
		{BDAE4982-80E1-3D52-83EE-C11C209B056A}.Release|Win32.ActiveCfg = Release|Win32
		{BDAE4982-80E1-3D52-83EE-C11C209B056A}.Release|Win32.Build.0 = Release|Win32
		{BDAE4982-80E1-3D52-83EE-C11C209B056A}.MinSizeRel|Win32.ActiveCfg = MinSizeRel|Win32
		{BDAE4982-80E1-3D52-83EE-C11C209B056A}.MinSizeRel|Win32.Build.0 = MinSizeRel|Win32
		{BDAE4982-80E1-3D52-83EE-C11C209B056A}.RelWithDebInfo|Win32.ActiveCfg = RelWithDebInfo|Win32
		{BDAE4982-80E1-3D52-83EE-C11C209B056A}.RelWithDebInfo|Win32.Build.0 = RelWithDebInfo|Win32
		{EE7131FC-F18D-3207-AD19-F3F345861174}.Debug|Win32.ActiveCfg = Debug|Win32
		{EE7131FC-F18D-3207-AD19-F3F345861174}.Debug|Win32.Build.0 = Debug|Win32
		{EE7131FC-F18D-3207-AD19-F3F345861174}.Release|Win32.ActiveCfg = Release|Win32
		{EE7131FC-F18D-3207-AD19-F3F345861174}.Release|Win32.Build.0 = Release|Win32
		{EE7131FC-F18D-3207-AD19-F3F345861174}.MinSizeRel|Win32.ActiveCfg = MinSizeRel|Win32
		{EE7131FC-F18D-3207-AD19-F3F345861174}.MinSizeRel|Win32.Build.0 = MinSizeRel|Win32
		{EE7131FC-F18D-3207-AD19-F3F345861174}.RelWithDebInfo|Win32.ActiveCfg = RelWithDebInfo|Win32
		{EE7131FC-F18D-3207-AD19-F3F345861174}.RelWithDebInfo|Win32.Build.0 = RelWithDebInfo|Win32
		{36D7DE77-514B-32FD-B9F7-03B63F44A4CA}.Debug|Win32.ActiveCfg = Debug|Win32
		{36D7DE77-514B-32FD-B9F7-03B63F44A4CA}.Debug|Win32.Build.0 = Debug|Win32
		{36D7DE77-514B-32FD-B9F7-03B63F44A4CA}.Release|Win32.ActiveCfg = Release|Win32
		{36D7DE77-514B-32FD-B9F7-03B63F44A4CA}.Release|Win32.Build.0 = Release|Win32
		{36D7DE77-514B-32FD-B9F7-03B63F44A4CA}.MinSizeRel|Win32.ActiveCfg = MinSizeRel|Win32
		{36D7DE77-514B-32FD-B9F7-03B63F44A4CA}.MinSizeRel|Win32.Build.0 = MinSizeRel|Win32
		{36D7DE77-514B-32FD-B9F7-03B63F44A4CA}.RelWithDebInfo|Win32.ActiveCfg = RelWithDebInfo|Win32
		{36D7DE77-514B-32FD-B9F7-03B63F44A4CA}.RelWithDebInfo|Win32.Build.0 = RelWithDebInfo|Win32
		{8A1B6EFB-764A-3F67-905C-0D4B474A60FC}.Debug|Win32.ActiveCfg = Debug|Win32
		{8A1B6EFB-764A-3F67-905C-0D4B474A60FC}.Debug|Win32.Build.0 = Debug|Win32
		{8A1B6EFB-764A-3F67-905C-0D4B474A60FC}.Release|Win32.ActiveCfg = Release|Win32
		{8A1B6EFB-764A-3F67-905C-0D4B474A60FC}.Release|Win32.Build.0 = Release|Win32
		{8A1B6EFB-764A-3F67-905C-0D4B474A60FC}.MinSizeRel|Win32.ActiveCfg = MinSizeRel|Win32
		{8A1B6EFB-764A-3F67-905C-0D4B474A60FC}.MinSizeRel|Win32.Build.0 = MinSizeRel|Win32
		{8A1B6EFB-764A-3F67-905C-0D4B474A60FC}.RelWithDebInfo|Win32.ActiveCfg = RelWithDebInfo|Win32
		{8A1B6EFB-764A-3F67-905C-0D4B474A60FC}.RelWithDebInfo|Win32.Build.0 = RelWithDebInfo|Win32
		{C38EEDBF-DA9D-307E-8CA1-760886BBE58C}.Debug|Win32.ActiveCfg = Debug|Win32
		{C38EEDBF-DA9D-307E-8CA1-760886BBE58C}.Debug|Win32.Build.0 = Debug|Win32
		{C38EEDBF-DA9D-307E-8CA1-760886BBE58C}.Release|Win32.ActiveCfg = Release|Win32
		{C38EEDBF-DA9D-307E-8CA1-760886BBE58C}.Release|Win32.Build.0 = Release|Win32
		{C38EEDBF-DA9D-307E-8CA1-760886BBE58C}.MinSizeRel|Win32.ActiveCfg = MinSizeRel|Win32
		{C38EEDBF-DA9D-307E-8CA1-760886BBE58C}.MinSizeRel|Win32.Build.0 = MinSizeRel|Win32
		{C38EEDBF-DA9D-307E-8CA1-760886BBE58C}.RelWithDebInfo|Win32.ActiveCfg = RelWithDebInfo|Win32
		{C38EEDBF-DA9D-307E-8CA1-760886BBE58C}.RelWithDebInfo|Win32.Build.0 = RelWithDebInfo|Win32
		{A14B5546-6C87-34BD-8434-88AC9D305C6C}.Debug|Win32.ActiveCfg = Debug|Win32
		{A14B5546-6C87-34BD-8434-88AC9D305C6C}.Debug|Win32.Build.0 = Debug|Win32
		{A14B5546-6C87-34BD-8434-88AC9D305C6C}.Release|Win32.ActiveCfg = Release|Win32
		{A14B5546-6C87-34BD-8434-88AC9D305C6C}.Release|Win32.Build.0 = Release|Win32
		{A14B5546-6C87-34BD-8434-88AC9D305C6C}.MinSizeRel|Win32.ActiveCfg = MinSizeRel|Win32
		{A14B5546-6C87-34BD-8434-88AC9D305C6C}.MinSizeRel|Win32.Build.0 = MinSizeRel|Win32
		{A14B5546-6C87-34BD-8434-88AC9D305C6C}.RelWithDebInfo|Win32.ActiveCfg = RelWithDebInfo|Win32
		{A14B5546-6C87-34BD-8434-88AC9D305C6C}.RelWithDebInfo|Win32.Build.0 = RelWithDebInfo|Win32
		{BCBE5938-848E-304D-BB15-C22D1778C227}.Debug|Win32.ActiveCfg = Debug|Win32
		{BCBE5938-848E-304D-BB15-C22D1778C227}.Debug|Win32.Build.0 = Debug|Win32
		{BCBE5938-848E-304D-BB15-C22D1778C227}.Release|Win32.ActiveCfg = Release|Win32
		{BCBE5938-848E-304D-BB15-C22D1778C227}.Release|Win32.Build.0 = Release|Win32
		{BCBE5938-848E-304D-BB15-C22D1778C227}.MinSizeRel|Win32.ActiveCfg = MinSizeRel|Win32
		{BCBE5938-848E-304D-BB15-C22D1778C227}.MinSizeRel|Win32.Build.0 = MinSizeRel|Win32
		{BCBE5938-848E-304D-BB15-C22D1778C227}.RelWithDebInfo|Win32.ActiveCfg = RelWithDebInfo|Win32
		{BCBE5938-848E-304D-BB15-C22D1778C227}.RelWithDebInfo|Win32.Build.0 = RelWithDebInfo|Win32
		{B8D310A3-2785-3563-80E2-75D1C1D13AD8}.Debug|Win32.ActiveCfg = Debug|Win32
		{B8D310A3-2785-3563-80E2-75D1C1D13AD8}.Debug|Win32.Build.0 = Debug|Win32
		{B8D310A3-2785-3563-80E2-75D1C1D13AD8}.Release|Win32.ActiveCfg = Release|Win32
		{B8D310A3-2785-3563-80E2-75D1C1D13AD8}.Release|Win32.Build.0 = Release|Win32
		{B8D310A3-2785-3563-80E2-75D1C1D13AD8}.MinSizeRel|Win32.ActiveCfg = MinSizeRel|Win32
		{B8D310A3-2785-3563-80E2-75D1C1D13AD8}.MinSizeRel|Win32.Build.0 = MinSizeRel|Win32
		{B8D310A3-2785-3563-80E2-75D1C1D13AD8}.RelWithDebInfo|Win32.ActiveCfg = RelWithDebInfo|Win32
		{B8D310A3-2785-3563-80E2-75D1C1D13AD8}.RelWithDebInfo|Win32.Build.0 = RelWithDebInfo|Win32
		{6FBC9953-ABE8-33D8-BD5B-D71B950E298C}.Debug|Win32.ActiveCfg = Debug|Win32
		{6FBC9953-ABE8-33D8-BD5B-D71B950E298C}.Debug|Win32.Build.0 = Debug|Win32
		{6FBC9953-ABE8-33D8-BD5B-D71B950E298C}.Release|Win32.ActiveCfg = Release|Win32
		{6FBC9953-ABE8-33D8-BD5B-D71B950E298C}.Release|Win32.Build.0 = Release|Win32
		{6FBC9953-ABE8-33D8-BD5B-D71B950E298C}.MinSizeRel|Win32.ActiveCfg = MinSizeRel|Win32
		{6FBC9953-ABE8-33D8-BD5B-D71B950E298C}.MinSizeRel|Win32.Build.0 = MinSizeRel|Win32
		{6FBC9953-ABE8-33D8-BD5B-D71B950E298C}.RelWithDebInfo|Win32.ActiveCfg = RelWithDebInfo|Win32
		{6FBC9953-ABE8-33D8-BD5B-D71B950E298C}.RelWithDebInfo|Win32.Build.0 = RelWithDebInfo|Win32
		{C71935A4-1504-3CC2-8F3D-80575AAFCEFB}.Debug|Win32.ActiveCfg = Debug|Win32
		{C71935A4-1504-3CC2-8F3D-80575AAFCEFB}.Debug|Win32.Build.0 = Debug|Win32
		{C71935A4-1504-3CC2-8F3D-80575AAFCEFB}.Release|Win32.ActiveCfg = Release|Win32
		{C71935A4-1504-3CC2-8F3D-80575AAFCEFB}.Release|Win32.Build.0 = Release|Win32
		{C71935A4-1504-3CC2-8F3D-80575AAFCEFB}.MinSizeRel|Win32.ActiveCfg = MinSizeRel|Win32
		{C71935A4-1504-3CC2-8F3D-80575AAFCEFB}.MinSizeRel|Win32.Build.0 = MinSizeRel|Win32
		{C71935A4-1504-3CC2-8F3D-80575AAFCEFB}.RelWithDebInfo|Win32.ActiveCfg = RelWithDebInfo|Win32
		{C71935A4-1504-3CC2-8F3D-80575AAFCEFB}.RelWithDebInfo|Win32.Build.0 = RelWithDebInfo|Win32
		{3F3337C5-7C9C-3F32-A2BC-CFD28212B1F8}.Debug|Win32.ActiveCfg = Debug|Win32
		{3F3337C5-7C9C-3F32-A2BC-CFD28212B1F8}.Debug|Win32.Build.0 = Debug|Win32
		{3F3337C5-7C9C-3F32-A2BC-CFD28212B1F8}.Release|Win32.ActiveCfg = Release|Win32
		{3F3337C5-7C9C-3F32-A2BC-CFD28212B1F8}.Release|Win32.Build.0 = Release|Win32
		{3F3337C5-7C9C-3F32-A2BC-CFD28212B1F8}.MinSizeRel|Win32.ActiveCfg = MinSizeRel|Win32
		{3F3337C5-7C9C-3F32-A2BC-CFD28212B1F8}.MinSizeRel|Win32.Build.0 = MinSizeRel|Win32
		{3F3337C5-7C9C-3F32-A2BC-CFD28212B1F8}.RelWithDebInfo|Win32.ActiveCfg = RelWithDebInfo|Win32
		{3F3337C5-7C9C-3F32-A2BC-CFD28212B1F8}.RelWithDebInfo|Win32.Build.0 = RelWithDebInfo|Win32
		{7B0D6A4A-D7C8-39B8-BF85-DD9F4B45F260}.Debug|Win32.ActiveCfg = Debug|Win32
		{7B0D6A4A-D7C8-39B8-BF85-DD9F4B45F260}.Debug|Win32.Build.0 = Debug|Win32
		{7B0D6A4A-D7C8-39B8-BF85-DD9F4B45F260}.Release|Win32.ActiveCfg = Release|Win32
		{7B0D6A4A-D7C8-39B8-BF85-DD9F4B45F260}.Release|Win32.Build.0 = Release|Win32
		{7B0D6A4A-D7C8-39B8-BF85-DD9F4B45F260}.MinSizeRel|Win32.ActiveCfg = MinSizeRel|Win32
		{7B0D6A4A-D7C8-39B8-BF85-DD9F4B45F260}.MinSizeRel|Win32.Build.0 = MinSizeRel|Win32
		{7B0D6A4A-D7C8-39B8-BF85-DD9F4B45F260}.RelWithDebInfo|Win32.ActiveCfg = RelWithDebInfo|Win32
		{7B0D6A4A-D7C8-39B8-BF85-DD9F4B45F260}.RelWithDebInfo|Win32.Build.0 = RelWithDebInfo|Win32
		{A25AD224-AE6B-3879-BBB4-72B1D81091EB}.Debug|Win32.ActiveCfg = Debug|Win32
		{A25AD224-AE6B-3879-BBB4-72B1D81091EB}.Debug|Win32.Build.0 = Debug|Win32
		{A25AD224-AE6B-3879-BBB4-72B1D81091EB}.Release|Win32.ActiveCfg = Release|Win32
		{A25AD224-AE6B-3879-BBB4-72B1D81091EB}.Release|Win32.Build.0 = Release|Win32
		{A25AD224-AE6B-3879-BBB4-72B1D81091EB}.MinSizeRel|Win32.ActiveCfg = MinSizeRel|Win32
		{A25AD224-AE6B-3879-BBB4-72B1D81091EB}.MinSizeRel|Win32.Build.0 = MinSizeRel|Win32
		{A25AD224-AE6B-3879-BBB4-72B1D81091EB}.RelWithDebInfo|Win32.ActiveCfg = RelWithDebInfo|Win32
		{A25AD224-AE6B-3879-BBB4-72B1D81091EB}.RelWithDebInfo|Win32.Build.0 = RelWithDebInfo|Win32
		{0ACF2A3D-EB5F-3D0E-8953-47A19657FAAE}.Debug|Win32.ActiveCfg = Debug|Win32
		{0ACF2A3D-EB5F-3D0E-8953-47A19657FAAE}.Debug|Win32.Build.0 = Debug|Win32
		{0ACF2A3D-EB5F-3D0E-8953-47A19657FAAE}.Release|Win32.ActiveCfg = Release|Win32
		{0ACF2A3D-EB5F-3D0E-8953-47A19657FAAE}.Release|Win32.Build.0 = Release|Win32
		{0ACF2A3D-EB5F-3D0E-8953-47A19657FAAE}.MinSizeRel|Win32.ActiveCfg = MinSizeRel|Win32
		{0ACF2A3D-EB5F-3D0E-8953-47A19657FAAE}.MinSizeRel|Win32.Build.0 = MinSizeRel|Win32
		{0ACF2A3D-EB5F-3D0E-8953-47A19657FAAE}.RelWithDebInfo|Win32.ActiveCfg = RelWithDebInfo|Win32
		{0ACF2A3D-EB5F-3D0E-8953-47A19657FAAE}.RelWithDebInfo|Win32.Build.0 = RelWithDebInfo|Win32
		{8E89B416-6E8F-33B1-A894-462C56818D1F}.Debug|Win32.ActiveCfg = Debug|Win32
		{8E89B416-6E8F-33B1-A894-462C56818D1F}.Debug|Win32.Build.0 = Debug|Win32
		{8E89B416-6E8F-33B1-A894-462C56818D1F}.Release|Win32.ActiveCfg = Release|Win32
		{8E89B416-6E8F-33B1-A894-462C56818D1F}.Release|Win32.Build.0 = Release|Win32
		{8E89B416-6E8F-33B1-A894-462C56818D1F}.MinSizeRel|Win32.ActiveCfg = MinSizeRel|Win32
		{8E89B416-6E8F-33B1-A894-462C56818D1F}.MinSizeRel|Win32.Build.0 = MinSizeRel|Win32
		{8E89B416-6E8F-33B1-A894-462C56818D1F}.RelWithDebInfo|Win32.ActiveCfg = RelWithDebInfo|Win32
		{8E89B416-6E8F-33B1-A894-462C56818D1F}.RelWithDebInfo|Win32.Build.0 = RelWithDebInfo|Win32
		{E2EF9179-3ED5-373F-9137-98342CD185D3}.Debug|Win32.ActiveCfg = Debug|Win32
		{E2EF9179-3ED5-373F-9137-98342CD185D3}.Debug|Win32.Build.0 = Debug|Win32
		{E2EF9179-3ED5-373F-9137-98342CD185D3}.Release|Win32.ActiveCfg = Release|Win32
		{E2EF9179-3ED5-373F-9137-98342CD185D3}.Release|Win32.Build.0 = Release|Win32
		{E2EF9179-3ED5-373F-9137-98342CD185D3}.MinSizeRel|Win32.ActiveCfg = MinSizeRel|Win32
		{E2EF9179-3ED5-373F-9137-98342CD185D3}.MinSizeRel|Win32.Build.0 = MinSizeRel|Win32
		{E2EF9179-3ED5-373F-9137-98342CD185D3}.RelWithDebInfo|Win32.ActiveCfg = RelWithDebInfo|Win32
		{E2EF9179-3ED5-373F-9137-98342CD185D3}.RelWithDebInfo|Win32.Build.0 = RelWithDebInfo|Win32
		{688732DA-94D0-3643-A415-941C0138B669}.Debug|Win32.ActiveCfg = Debug|Win32
		{688732DA-94D0-3643-A415-941C0138B669}.Debug|Win32.Build.0 = Debug|Win32
		{688732DA-94D0-3643-A415-941C0138B669}.Release|Win32.ActiveCfg = Release|Win32
		{688732DA-94D0-3643-A415-941C0138B669}.Release|Win32.Build.0 = Release|Win32
		{688732DA-94D0-3643-A415-941C0138B669}.MinSizeRel|Win32.ActiveCfg = MinSizeRel|Win32
		{688732DA-94D0-3643-A415-941C0138B669}.MinSizeRel|Win32.Build.0 = MinSizeRel|Win32
		{688732DA-94D0-3643-A415-941C0138B669}.RelWithDebInfo|Win32.ActiveCfg = RelWithDebInfo|Win32
		{688732DA-94D0-3643-A415-941C0138B669}.RelWithDebInfo|Win32.Build.0 = RelWithDebInfo|Win32
		{ABA1EF1B-8985-3D34-9F5C-4142DDA7B03A}.Debug|Win32.ActiveCfg = Debug|Win32
		{ABA1EF1B-8985-3D34-9F5C-4142DDA7B03A}.Debug|Win32.Build.0 = Debug|Win32
		{ABA1EF1B-8985-3D34-9F5C-4142DDA7B03A}.Release|Win32.ActiveCfg = Release|Win32
		{ABA1EF1B-8985-3D34-9F5C-4142DDA7B03A}.Release|Win32.Build.0 = Release|Win32
		{ABA1EF1B-8985-3D34-9F5C-4142DDA7B03A}.MinSizeRel|Win32.ActiveCfg = MinSizeRel|Win32
		{ABA1EF1B-8985-3D34-9F5C-4142DDA7B03A}.MinSizeRel|Win32.Build.0 = MinSizeRel|Win32
		{ABA1EF1B-8985-3D34-9F5C-4142DDA7B03A}.RelWithDebInfo|Win32.ActiveCfg = RelWithDebInfo|Win32
		{ABA1EF1B-8985-3D34-9F5C-4142DDA7B03A}.RelWithDebInfo|Win32.Build.0 = RelWithDebInfo|Win32
	EndGlobalSection
	GlobalSection(ExtensibilityGlobals) = postSolution
	EndGlobalSection
	GlobalSection(ExtensibilityAddIns) = postSolution
	EndGlobalSection
EndGlobal
