
Microsoft Visual Studio Solution File, Format Version 9.00
# Visual Studio 2005
Project("{8BC9CEB8-8B4A-11D0-8D11-00A0C91BC942}") = "TestDumyDaemon", "TestDumyDaemon.vcproj", "{34FD11D0-D66F-43E8-8C02-E9473E3ECE52}"
EndProject
Project("{8BC9CEB8-8B4A-11D0-8D11-00A0C91BC942}") = "DcmLib", "..\..\PxComLib\Src\DcmLib\src\dcmlib.vcproj", "{19B837E2-BEC2-43DA-A14A-64C178E427A4}"
EndProject
Global
	GlobalSection(SolutionConfigurationPlatforms) = preSolution
		Debug|Win32 = Debug|Win32
		Release|Win32 = Release|Win32
	EndGlobalSection
	GlobalSection(ProjectConfigurationPlatforms) = postSolution
		{34FD11D0-D66F-43E8-8C02-E9473E3ECE52}.Debug|Win32.ActiveCfg = Debug|Win32
		{34FD11D0-D66F-43E8-8C02-E9473E3ECE52}.Debug|Win32.Build.0 = Debug|Win32
		{34FD11D0-D66F-43E8-8C02-E9473E3ECE52}.Release|Win32.ActiveCfg = Release|Win32
		{34FD11D0-D66F-43E8-8C02-E9473E3ECE52}.Release|Win32.Build.0 = Release|Win32
		{19B837E2-BEC2-43DA-A14A-64C178E427A4}.Debug|Win32.ActiveCfg = Debug|Win32
		{19B837E2-BEC2-43DA-A14A-64C178E427A4}.Debug|Win32.Build.0 = Debug|Win32
		{19B837E2-BEC2-43DA-A14A-64C178E427A4}.Release|Win32.ActiveCfg = Release|Win32
		{19B837E2-BEC2-43DA-A14A-64C178E427A4}.Release|Win32.Build.0 = Release|Win32
	EndGlobalSection
	GlobalSection(SolutionProperties) = preSolution
		HideSolutionNode = FALSE
	EndGlobalSection
EndGlobal
