
Microsoft Visual Studio Solution File, Format Version 12.00
# Visual Studio Version 17
Project("{2150E333-8FDC-42A3-9474-1A3956D46DE8}") = "CMakePredefinedTargets", "CMakePredefinedTargets", "{531186D5-97FC-3180-983A-1F1A5B6B09F6}"
EndProject
Project("{8BC9CEB8-8B4A-11D0-8D11-00A0C91BC942}") = "ALL_BUILD", "ALL_BUILD.vcxproj", "{47E6600C-2619-3047-8DC4-B386E4CF1B39}"
	ProjectSection(ProjectDependencies) = postProject
		{3ACF3CF1-4C99-3A1F-AC07-D3E87D97408D} = {3ACF3CF1-4C99-3A1F-AC07-D3E87D97408D}
		{F2F152A8-91BE-3BF5-AE9F-0C7B92A366C3} = {F2F152A8-91BE-3BF5-AE9F-0C7B92A366C3}
		{8AB7C5FF-DF83-32E9-9AB1-7DA4752CD930} = {8AB7C5FF-DF83-32E9-9AB1-7DA4752CD930}
		{6A0AA460-8DF9-3B3E-908C-03B9F3EA380A} = {6A0AA460-8DF9-3B3E-908C-03B9F3EA380A}
		{A0379700-8AA9-3DCC-902C-42188B03A7D1} = {A0379700-8AA9-3DCC-902C-42188B03A7D1}
		{E1B90772-375D-3E40-9CE2-DA8C7F15A7C2} = {E1B90772-375D-3E40-9CE2-DA8C7F15A7C2}
		{80BA95AB-F314-3D29-9E04-095DEF8C10D0} = {80BA95AB-F314-3D29-9E04-095DEF8C10D0}
		{8E33B058-DA29-366C-88AC-C37D0E852539} = {8E33B058-DA29-366C-88AC-C37D0E852539}
		{DD214476-6D47-352E-8343-E1FEB169BEFA} = {DD214476-6D47-352E-8343-E1FEB169BEFA}
		{8C3142F0-317D-33E4-BD3E-343AF2C09A5E} = {8C3142F0-317D-33E4-BD3E-343AF2C09A5E}
		{A67BB41F-438C-3622-B7D4-8AA314647B56} = {A67BB41F-438C-3622-B7D4-8AA314647B56}
		{58653B70-11CD-32AD-A916-15ADB87F179B} = {58653B70-11CD-32AD-A916-15ADB87F179B}
	EndProjectSection
EndProject
Project("{8BC9CEB8-8B4A-11D0-8D11-00A0C91BC942}") = "INSTALL", "INSTALL.vcxproj", "{D34728FB-FBAD-32FE-9719-B2E90D8C831A}"
	ProjectSection(ProjectDependencies) = postProject
		{47E6600C-2619-3047-8DC4-B386E4CF1B39} = {47E6600C-2619-3047-8DC4-B386E4CF1B39}
		{3ACF3CF1-4C99-3A1F-AC07-D3E87D97408D} = {3ACF3CF1-4C99-3A1F-AC07-D3E87D97408D}
	EndProjectSection
EndProject
Project("{8BC9CEB8-8B4A-11D0-8D11-00A0C91BC942}") = "RUN_TESTS", "RUN_TESTS.vcxproj", "{1D1089AA-BBA8-3810-8C4D-B88133DDFCE8}"
	ProjectSection(ProjectDependencies) = postProject
		{3ACF3CF1-4C99-3A1F-AC07-D3E87D97408D} = {3ACF3CF1-4C99-3A1F-AC07-D3E87D97408D}
	EndProjectSection
EndProject
Project("{8BC9CEB8-8B4A-11D0-8D11-00A0C91BC942}") = "ZERO_CHECK", "..\\ZERO_CHECK.vcxproj", "{3ACF3CF1-4C99-3A1F-AC07-D3E87D97408D}"
	ProjectSection(ProjectDependencies) = postProject
	EndProjectSection
EndProject
Project("{8BC9CEB8-8B4A-11D0-8D11-00A0C91BC942}") = "dcmdata", "..\dcmdata\libsrc\dcmdata.vcxproj", "{43B769A7-9C58-382E-9D16-C3B1CF0A3053}"
	ProjectSection(ProjectDependencies) = postProject
		{3ACF3CF1-4C99-3A1F-AC07-D3E87D97408D} = {3ACF3CF1-4C99-3A1F-AC07-D3E87D97408D}
		{D43EEDAC-770F-3EC5-ACE5-9B857D2246B3} = {D43EEDAC-770F-3EC5-ACE5-9B857D2246B3}
		{B2C00671-0E74-3D71-8883-37477FC0A7C3} = {B2C00671-0E74-3D71-8883-37477FC0A7C3}
		{3843C671-E1D4-3D7E-8029-758BABE3859D} = {3843C671-E1D4-3D7E-8029-758BABE3859D}
	EndProjectSection
EndProject
Project("{8BC9CEB8-8B4A-11D0-8D11-00A0C91BC942}") = "dcmimage", "..\dcmimage\libsrc\dcmimage.vcxproj", "{868243BB-3A22-3110-8E21-A955A4E3989B}"
	ProjectSection(ProjectDependencies) = postProject
		{3ACF3CF1-4C99-3A1F-AC07-D3E87D97408D} = {3ACF3CF1-4C99-3A1F-AC07-D3E87D97408D}
		{43B769A7-9C58-382E-9D16-C3B1CF0A3053} = {43B769A7-9C58-382E-9D16-C3B1CF0A3053}
		{32757491-5802-36F3-BF01-AA4B326B80A1} = {32757491-5802-36F3-BF01-AA4B326B80A1}
		{D43EEDAC-770F-3EC5-ACE5-9B857D2246B3} = {D43EEDAC-770F-3EC5-ACE5-9B857D2246B3}
		{B2C00671-0E74-3D71-8883-37477FC0A7C3} = {B2C00671-0E74-3D71-8883-37477FC0A7C3}
		{3843C671-E1D4-3D7E-8029-758BABE3859D} = {3843C671-E1D4-3D7E-8029-758BABE3859D}
	EndProjectSection
EndProject
Project("{8BC9CEB8-8B4A-11D0-8D11-00A0C91BC942}") = "dcmimgle", "..\dcmimgle\libsrc\dcmimgle.vcxproj", "{32757491-5802-36F3-BF01-AA4B326B80A1}"
	ProjectSection(ProjectDependencies) = postProject
		{3ACF3CF1-4C99-3A1F-AC07-D3E87D97408D} = {3ACF3CF1-4C99-3A1F-AC07-D3E87D97408D}
		{43B769A7-9C58-382E-9D16-C3B1CF0A3053} = {43B769A7-9C58-382E-9D16-C3B1CF0A3053}
		{D43EEDAC-770F-3EC5-ACE5-9B857D2246B3} = {D43EEDAC-770F-3EC5-ACE5-9B857D2246B3}
		{B2C00671-0E74-3D71-8883-37477FC0A7C3} = {B2C00671-0E74-3D71-8883-37477FC0A7C3}
		{3843C671-E1D4-3D7E-8029-758BABE3859D} = {3843C671-E1D4-3D7E-8029-758BABE3859D}
	EndProjectSection
EndProject
Project("{8BC9CEB8-8B4A-11D0-8D11-00A0C91BC942}") = "dcmjpeg", "..\dcmjpeg\libsrc\dcmjpeg.vcxproj", "{9B1E7786-0B08-37F5-B1B8-E600AAB873A9}"
	ProjectSection(ProjectDependencies) = postProject
		{3ACF3CF1-4C99-3A1F-AC07-D3E87D97408D} = {3ACF3CF1-4C99-3A1F-AC07-D3E87D97408D}
		{43B769A7-9C58-382E-9D16-C3B1CF0A3053} = {43B769A7-9C58-382E-9D16-C3B1CF0A3053}
		{868243BB-3A22-3110-8E21-A955A4E3989B} = {868243BB-3A22-3110-8E21-A955A4E3989B}
		{32757491-5802-36F3-BF01-AA4B326B80A1} = {32757491-5802-36F3-BF01-AA4B326B80A1}
		{4C6CCDE2-DC62-37A1-90A7-5076E35CEF07} = {4C6CCDE2-DC62-37A1-90A7-5076E35CEF07}
		{93221F48-36F7-388C-81CD-D725A7965CE6} = {93221F48-36F7-388C-81CD-D725A7965CE6}
		{EAD4404D-9D32-3F43-8D2F-397AC73B60A3} = {EAD4404D-9D32-3F43-8D2F-397AC73B60A3}
		{D43EEDAC-770F-3EC5-ACE5-9B857D2246B3} = {D43EEDAC-770F-3EC5-ACE5-9B857D2246B3}
		{B2C00671-0E74-3D71-8883-37477FC0A7C3} = {B2C00671-0E74-3D71-8883-37477FC0A7C3}
		{3843C671-E1D4-3D7E-8029-758BABE3859D} = {3843C671-E1D4-3D7E-8029-758BABE3859D}
	EndProjectSection
EndProject
Project("{8BC9CEB8-8B4A-11D0-8D11-00A0C91BC942}") = "dcmjpls", "..\dcmjpls\libsrc\dcmjpls.vcxproj", "{65CF632B-9AE4-3CBD-824C-FA482576C265}"
	ProjectSection(ProjectDependencies) = postProject
		{3ACF3CF1-4C99-3A1F-AC07-D3E87D97408D} = {3ACF3CF1-4C99-3A1F-AC07-D3E87D97408D}
		{43B769A7-9C58-382E-9D16-C3B1CF0A3053} = {43B769A7-9C58-382E-9D16-C3B1CF0A3053}
		{868243BB-3A22-3110-8E21-A955A4E3989B} = {868243BB-3A22-3110-8E21-A955A4E3989B}
		{32757491-5802-36F3-BF01-AA4B326B80A1} = {32757491-5802-36F3-BF01-AA4B326B80A1}
		{0FC8B5DE-60E3-3F22-848E-3A670D93B24E} = {0FC8B5DE-60E3-3F22-848E-3A670D93B24E}
		{D43EEDAC-770F-3EC5-ACE5-9B857D2246B3} = {D43EEDAC-770F-3EC5-ACE5-9B857D2246B3}
		{B2C00671-0E74-3D71-8883-37477FC0A7C3} = {B2C00671-0E74-3D71-8883-37477FC0A7C3}
		{3843C671-E1D4-3D7E-8029-758BABE3859D} = {3843C671-E1D4-3D7E-8029-758BABE3859D}
	EndProjectSection
EndProject
Project("{8BC9CEB8-8B4A-11D0-8D11-00A0C91BC942}") = "dcmnet", "libsrc\dcmnet.vcxproj", "{F2F152A8-91BE-3BF5-AE9F-0C7B92A366C3}"
	ProjectSection(ProjectDependencies) = postProject
		{3ACF3CF1-4C99-3A1F-AC07-D3E87D97408D} = {3ACF3CF1-4C99-3A1F-AC07-D3E87D97408D}
		{43B769A7-9C58-382E-9D16-C3B1CF0A3053} = {43B769A7-9C58-382E-9D16-C3B1CF0A3053}
		{D43EEDAC-770F-3EC5-ACE5-9B857D2246B3} = {D43EEDAC-770F-3EC5-ACE5-9B857D2246B3}
		{B2C00671-0E74-3D71-8883-37477FC0A7C3} = {B2C00671-0E74-3D71-8883-37477FC0A7C3}
		{3843C671-E1D4-3D7E-8029-758BABE3859D} = {3843C671-E1D4-3D7E-8029-758BABE3859D}
	EndProjectSection
EndProject
Project("{8BC9CEB8-8B4A-11D0-8D11-00A0C91BC942}") = "dcmnet-test-exhaustive", "tests\dcmnet-test-exhaustive.vcxproj", "{ED495F1D-CBF9-3BD5-9ADF-4FFB262424EB}"
	ProjectSection(ProjectDependencies) = postProject
		{3ACF3CF1-4C99-3A1F-AC07-D3E87D97408D} = {3ACF3CF1-4C99-3A1F-AC07-D3E87D97408D}
	EndProjectSection
EndProject
Project("{8BC9CEB8-8B4A-11D0-8D11-00A0C91BC942}") = "dcmnet_tests", "tests\dcmnet_tests.vcxproj", "{8AB7C5FF-DF83-32E9-9AB1-7DA4752CD930}"
	ProjectSection(ProjectDependencies) = postProject
		{3ACF3CF1-4C99-3A1F-AC07-D3E87D97408D} = {3ACF3CF1-4C99-3A1F-AC07-D3E87D97408D}
		{43B769A7-9C58-382E-9D16-C3B1CF0A3053} = {43B769A7-9C58-382E-9D16-C3B1CF0A3053}
		{F2F152A8-91BE-3BF5-AE9F-0C7B92A366C3} = {F2F152A8-91BE-3BF5-AE9F-0C7B92A366C3}
		{D43EEDAC-770F-3EC5-ACE5-9B857D2246B3} = {D43EEDAC-770F-3EC5-ACE5-9B857D2246B3}
		{B2C00671-0E74-3D71-8883-37477FC0A7C3} = {B2C00671-0E74-3D71-8883-37477FC0A7C3}
		{3843C671-E1D4-3D7E-8029-758BABE3859D} = {3843C671-E1D4-3D7E-8029-758BABE3859D}
	EndProjectSection
EndProject
Project("{8BC9CEB8-8B4A-11D0-8D11-00A0C91BC942}") = "dcmrecv", "apps\dcmrecv.vcxproj", "{6A0AA460-8DF9-3B3E-908C-03B9F3EA380A}"
	ProjectSection(ProjectDependencies) = postProject
		{3ACF3CF1-4C99-3A1F-AC07-D3E87D97408D} = {3ACF3CF1-4C99-3A1F-AC07-D3E87D97408D}
		{43B769A7-9C58-382E-9D16-C3B1CF0A3053} = {43B769A7-9C58-382E-9D16-C3B1CF0A3053}
		{F2F152A8-91BE-3BF5-AE9F-0C7B92A366C3} = {F2F152A8-91BE-3BF5-AE9F-0C7B92A366C3}
		{7390EBF9-7ED9-3FD5-AB5A-49D67FE1ED18} = {7390EBF9-7ED9-3FD5-AB5A-49D67FE1ED18}
		{D43EEDAC-770F-3EC5-ACE5-9B857D2246B3} = {D43EEDAC-770F-3EC5-ACE5-9B857D2246B3}
		{B2C00671-0E74-3D71-8883-37477FC0A7C3} = {B2C00671-0E74-3D71-8883-37477FC0A7C3}
		{3843C671-E1D4-3D7E-8029-758BABE3859D} = {3843C671-E1D4-3D7E-8029-758BABE3859D}
	EndProjectSection
EndProject
Project("{8BC9CEB8-8B4A-11D0-8D11-00A0C91BC942}") = "dcmsend", "apps\dcmsend.vcxproj", "{A0379700-8AA9-3DCC-902C-42188B03A7D1}"
	ProjectSection(ProjectDependencies) = postProject
		{3ACF3CF1-4C99-3A1F-AC07-D3E87D97408D} = {3ACF3CF1-4C99-3A1F-AC07-D3E87D97408D}
		{43B769A7-9C58-382E-9D16-C3B1CF0A3053} = {43B769A7-9C58-382E-9D16-C3B1CF0A3053}
		{868243BB-3A22-3110-8E21-A955A4E3989B} = {868243BB-3A22-3110-8E21-A955A4E3989B}
		{32757491-5802-36F3-BF01-AA4B326B80A1} = {32757491-5802-36F3-BF01-AA4B326B80A1}
		{9B1E7786-0B08-37F5-B1B8-E600AAB873A9} = {9B1E7786-0B08-37F5-B1B8-E600AAB873A9}
		{65CF632B-9AE4-3CBD-824C-FA482576C265} = {65CF632B-9AE4-3CBD-824C-FA482576C265}
		{F2F152A8-91BE-3BF5-AE9F-0C7B92A366C3} = {F2F152A8-91BE-3BF5-AE9F-0C7B92A366C3}
		{0FC8B5DE-60E3-3F22-848E-3A670D93B24E} = {0FC8B5DE-60E3-3F22-848E-3A670D93B24E}
		{4C6CCDE2-DC62-37A1-90A7-5076E35CEF07} = {4C6CCDE2-DC62-37A1-90A7-5076E35CEF07}
		{93221F48-36F7-388C-81CD-D725A7965CE6} = {93221F48-36F7-388C-81CD-D725A7965CE6}
		{EAD4404D-9D32-3F43-8D2F-397AC73B60A3} = {EAD4404D-9D32-3F43-8D2F-397AC73B60A3}
		{D43EEDAC-770F-3EC5-ACE5-9B857D2246B3} = {D43EEDAC-770F-3EC5-ACE5-9B857D2246B3}
		{B2C00671-0E74-3D71-8883-37477FC0A7C3} = {B2C00671-0E74-3D71-8883-37477FC0A7C3}
		{3843C671-E1D4-3D7E-8029-758BABE3859D} = {3843C671-E1D4-3D7E-8029-758BABE3859D}
	EndProjectSection
EndProject
Project("{8BC9CEB8-8B4A-11D0-8D11-00A0C91BC942}") = "dcmtkcharls", "..\dcmjpls\libcharls\dcmtkcharls.vcxproj", "{0FC8B5DE-60E3-3F22-848E-3A670D93B24E}"
	ProjectSection(ProjectDependencies) = postProject
		{3ACF3CF1-4C99-3A1F-AC07-D3E87D97408D} = {3ACF3CF1-4C99-3A1F-AC07-D3E87D97408D}
		{D43EEDAC-770F-3EC5-ACE5-9B857D2246B3} = {D43EEDAC-770F-3EC5-ACE5-9B857D2246B3}
		{B2C00671-0E74-3D71-8883-37477FC0A7C3} = {B2C00671-0E74-3D71-8883-37477FC0A7C3}
		{3843C671-E1D4-3D7E-8029-758BABE3859D} = {3843C671-E1D4-3D7E-8029-758BABE3859D}
	EndProjectSection
EndProject
Project("{8BC9CEB8-8B4A-11D0-8D11-00A0C91BC942}") = "dcmtls", "..\dcmtls\libsrc\dcmtls.vcxproj", "{7390EBF9-7ED9-3FD5-AB5A-49D67FE1ED18}"
	ProjectSection(ProjectDependencies) = postProject
		{3ACF3CF1-4C99-3A1F-AC07-D3E87D97408D} = {3ACF3CF1-4C99-3A1F-AC07-D3E87D97408D}
		{43B769A7-9C58-382E-9D16-C3B1CF0A3053} = {43B769A7-9C58-382E-9D16-C3B1CF0A3053}
		{F2F152A8-91BE-3BF5-AE9F-0C7B92A366C3} = {F2F152A8-91BE-3BF5-AE9F-0C7B92A366C3}
		{D43EEDAC-770F-3EC5-ACE5-9B857D2246B3} = {D43EEDAC-770F-3EC5-ACE5-9B857D2246B3}
		{B2C00671-0E74-3D71-8883-37477FC0A7C3} = {B2C00671-0E74-3D71-8883-37477FC0A7C3}
		{3843C671-E1D4-3D7E-8029-758BABE3859D} = {3843C671-E1D4-3D7E-8029-758BABE3859D}
	EndProjectSection
EndProject
Project("{8BC9CEB8-8B4A-11D0-8D11-00A0C91BC942}") = "echoscu", "apps\echoscu.vcxproj", "{E1B90772-375D-3E40-9CE2-DA8C7F15A7C2}"
	ProjectSection(ProjectDependencies) = postProject
		{3ACF3CF1-4C99-3A1F-AC07-D3E87D97408D} = {3ACF3CF1-4C99-3A1F-AC07-D3E87D97408D}
		{43B769A7-9C58-382E-9D16-C3B1CF0A3053} = {43B769A7-9C58-382E-9D16-C3B1CF0A3053}
		{F2F152A8-91BE-3BF5-AE9F-0C7B92A366C3} = {F2F152A8-91BE-3BF5-AE9F-0C7B92A366C3}
		{7390EBF9-7ED9-3FD5-AB5A-49D67FE1ED18} = {7390EBF9-7ED9-3FD5-AB5A-49D67FE1ED18}
		{D43EEDAC-770F-3EC5-ACE5-9B857D2246B3} = {D43EEDAC-770F-3EC5-ACE5-9B857D2246B3}
		{B2C00671-0E74-3D71-8883-37477FC0A7C3} = {B2C00671-0E74-3D71-8883-37477FC0A7C3}
		{3843C671-E1D4-3D7E-8029-758BABE3859D} = {3843C671-E1D4-3D7E-8029-758BABE3859D}
	EndProjectSection
EndProject
Project("{8BC9CEB8-8B4A-11D0-8D11-00A0C91BC942}") = "findscu", "apps\findscu.vcxproj", "{80BA95AB-F314-3D29-9E04-095DEF8C10D0}"
	ProjectSection(ProjectDependencies) = postProject
		{3ACF3CF1-4C99-3A1F-AC07-D3E87D97408D} = {3ACF3CF1-4C99-3A1F-AC07-D3E87D97408D}
		{43B769A7-9C58-382E-9D16-C3B1CF0A3053} = {43B769A7-9C58-382E-9D16-C3B1CF0A3053}
		{F2F152A8-91BE-3BF5-AE9F-0C7B92A366C3} = {F2F152A8-91BE-3BF5-AE9F-0C7B92A366C3}
		{7390EBF9-7ED9-3FD5-AB5A-49D67FE1ED18} = {7390EBF9-7ED9-3FD5-AB5A-49D67FE1ED18}
		{D43EEDAC-770F-3EC5-ACE5-9B857D2246B3} = {D43EEDAC-770F-3EC5-ACE5-9B857D2246B3}
		{B2C00671-0E74-3D71-8883-37477FC0A7C3} = {B2C00671-0E74-3D71-8883-37477FC0A7C3}
		{3843C671-E1D4-3D7E-8029-758BABE3859D} = {3843C671-E1D4-3D7E-8029-758BABE3859D}
	EndProjectSection
EndProject
Project("{8BC9CEB8-8B4A-11D0-8D11-00A0C91BC942}") = "getscu", "apps\getscu.vcxproj", "{8E33B058-DA29-366C-88AC-C37D0E852539}"
	ProjectSection(ProjectDependencies) = postProject
		{3ACF3CF1-4C99-3A1F-AC07-D3E87D97408D} = {3ACF3CF1-4C99-3A1F-AC07-D3E87D97408D}
		{43B769A7-9C58-382E-9D16-C3B1CF0A3053} = {43B769A7-9C58-382E-9D16-C3B1CF0A3053}
		{F2F152A8-91BE-3BF5-AE9F-0C7B92A366C3} = {F2F152A8-91BE-3BF5-AE9F-0C7B92A366C3}
		{7390EBF9-7ED9-3FD5-AB5A-49D67FE1ED18} = {7390EBF9-7ED9-3FD5-AB5A-49D67FE1ED18}
		{D43EEDAC-770F-3EC5-ACE5-9B857D2246B3} = {D43EEDAC-770F-3EC5-ACE5-9B857D2246B3}
		{B2C00671-0E74-3D71-8883-37477FC0A7C3} = {B2C00671-0E74-3D71-8883-37477FC0A7C3}
		{3843C671-E1D4-3D7E-8029-758BABE3859D} = {3843C671-E1D4-3D7E-8029-758BABE3859D}
	EndProjectSection
EndProject
Project("{8BC9CEB8-8B4A-11D0-8D11-00A0C91BC942}") = "ijg12", "..\dcmjpeg\libijg12\ijg12.vcxproj", "{4C6CCDE2-DC62-37A1-90A7-5076E35CEF07}"
	ProjectSection(ProjectDependencies) = postProject
		{3ACF3CF1-4C99-3A1F-AC07-D3E87D97408D} = {3ACF3CF1-4C99-3A1F-AC07-D3E87D97408D}
	EndProjectSection
EndProject
Project("{8BC9CEB8-8B4A-11D0-8D11-00A0C91BC942}") = "ijg16", "..\dcmjpeg\libijg16\ijg16.vcxproj", "{93221F48-36F7-388C-81CD-D725A7965CE6}"
	ProjectSection(ProjectDependencies) = postProject
		{3ACF3CF1-4C99-3A1F-AC07-D3E87D97408D} = {3ACF3CF1-4C99-3A1F-AC07-D3E87D97408D}
	EndProjectSection
EndProject
Project("{8BC9CEB8-8B4A-11D0-8D11-00A0C91BC942}") = "ijg8", "..\dcmjpeg\libijg8\ijg8.vcxproj", "{EAD4404D-9D32-3F43-8D2F-397AC73B60A3}"
	ProjectSection(ProjectDependencies) = postProject
		{3ACF3CF1-4C99-3A1F-AC07-D3E87D97408D} = {3ACF3CF1-4C99-3A1F-AC07-D3E87D97408D}
	EndProjectSection
EndProject
Project("{8BC9CEB8-8B4A-11D0-8D11-00A0C91BC942}") = "movescu", "apps\movescu.vcxproj", "{DD214476-6D47-352E-8343-E1FEB169BEFA}"
	ProjectSection(ProjectDependencies) = postProject
		{3ACF3CF1-4C99-3A1F-AC07-D3E87D97408D} = {3ACF3CF1-4C99-3A1F-AC07-D3E87D97408D}
		{43B769A7-9C58-382E-9D16-C3B1CF0A3053} = {43B769A7-9C58-382E-9D16-C3B1CF0A3053}
		{F2F152A8-91BE-3BF5-AE9F-0C7B92A366C3} = {F2F152A8-91BE-3BF5-AE9F-0C7B92A366C3}
		{7390EBF9-7ED9-3FD5-AB5A-49D67FE1ED18} = {7390EBF9-7ED9-3FD5-AB5A-49D67FE1ED18}
		{D43EEDAC-770F-3EC5-ACE5-9B857D2246B3} = {D43EEDAC-770F-3EC5-ACE5-9B857D2246B3}
		{B2C00671-0E74-3D71-8883-37477FC0A7C3} = {B2C00671-0E74-3D71-8883-37477FC0A7C3}
		{3843C671-E1D4-3D7E-8029-758BABE3859D} = {3843C671-E1D4-3D7E-8029-758BABE3859D}
	EndProjectSection
EndProject
Project("{8BC9CEB8-8B4A-11D0-8D11-00A0C91BC942}") = "oficonv", "..\oficonv\libsrc\oficonv.vcxproj", "{D43EEDAC-770F-3EC5-ACE5-9B857D2246B3}"
	ProjectSection(ProjectDependencies) = postProject
		{3ACF3CF1-4C99-3A1F-AC07-D3E87D97408D} = {3ACF3CF1-4C99-3A1F-AC07-D3E87D97408D}
	EndProjectSection
EndProject
Project("{8BC9CEB8-8B4A-11D0-8D11-00A0C91BC942}") = "oflog", "..\oflog\libsrc\oflog.vcxproj", "{B2C00671-0E74-3D71-8883-37477FC0A7C3}"
	ProjectSection(ProjectDependencies) = postProject
		{3ACF3CF1-4C99-3A1F-AC07-D3E87D97408D} = {3ACF3CF1-4C99-3A1F-AC07-D3E87D97408D}
		{D43EEDAC-770F-3EC5-ACE5-9B857D2246B3} = {D43EEDAC-770F-3EC5-ACE5-9B857D2246B3}
		{3843C671-E1D4-3D7E-8029-758BABE3859D} = {3843C671-E1D4-3D7E-8029-758BABE3859D}
	EndProjectSection
EndProject
Project("{8BC9CEB8-8B4A-11D0-8D11-00A0C91BC942}") = "ofstd", "..\ofstd\libsrc\ofstd.vcxproj", "{3843C671-E1D4-3D7E-8029-758BABE3859D}"
	ProjectSection(ProjectDependencies) = postProject
		{3ACF3CF1-4C99-3A1F-AC07-D3E87D97408D} = {3ACF3CF1-4C99-3A1F-AC07-D3E87D97408D}
		{D43EEDAC-770F-3EC5-ACE5-9B857D2246B3} = {D43EEDAC-770F-3EC5-ACE5-9B857D2246B3}
	EndProjectSection
EndProject
Project("{8BC9CEB8-8B4A-11D0-8D11-00A0C91BC942}") = "storescp", "apps\storescp.vcxproj", "{8C3142F0-317D-33E4-BD3E-343AF2C09A5E}"
	ProjectSection(ProjectDependencies) = postProject
		{3ACF3CF1-4C99-3A1F-AC07-D3E87D97408D} = {3ACF3CF1-4C99-3A1F-AC07-D3E87D97408D}
		{43B769A7-9C58-382E-9D16-C3B1CF0A3053} = {43B769A7-9C58-382E-9D16-C3B1CF0A3053}
		{F2F152A8-91BE-3BF5-AE9F-0C7B92A366C3} = {F2F152A8-91BE-3BF5-AE9F-0C7B92A366C3}
		{7390EBF9-7ED9-3FD5-AB5A-49D67FE1ED18} = {7390EBF9-7ED9-3FD5-AB5A-49D67FE1ED18}
		{D43EEDAC-770F-3EC5-ACE5-9B857D2246B3} = {D43EEDAC-770F-3EC5-ACE5-9B857D2246B3}
		{B2C00671-0E74-3D71-8883-37477FC0A7C3} = {B2C00671-0E74-3D71-8883-37477FC0A7C3}
		{3843C671-E1D4-3D7E-8029-758BABE3859D} = {3843C671-E1D4-3D7E-8029-758BABE3859D}
	EndProjectSection
EndProject
Project("{8BC9CEB8-8B4A-11D0-8D11-00A0C91BC942}") = "storescu", "apps\storescu.vcxproj", "{A67BB41F-438C-3622-B7D4-8AA314647B56}"
	ProjectSection(ProjectDependencies) = postProject
		{3ACF3CF1-4C99-3A1F-AC07-D3E87D97408D} = {3ACF3CF1-4C99-3A1F-AC07-D3E87D97408D}
		{43B769A7-9C58-382E-9D16-C3B1CF0A3053} = {43B769A7-9C58-382E-9D16-C3B1CF0A3053}
		{F2F152A8-91BE-3BF5-AE9F-0C7B92A366C3} = {F2F152A8-91BE-3BF5-AE9F-0C7B92A366C3}
		{7390EBF9-7ED9-3FD5-AB5A-49D67FE1ED18} = {7390EBF9-7ED9-3FD5-AB5A-49D67FE1ED18}
		{D43EEDAC-770F-3EC5-ACE5-9B857D2246B3} = {D43EEDAC-770F-3EC5-ACE5-9B857D2246B3}
		{B2C00671-0E74-3D71-8883-37477FC0A7C3} = {B2C00671-0E74-3D71-8883-37477FC0A7C3}
		{3843C671-E1D4-3D7E-8029-758BABE3859D} = {3843C671-E1D4-3D7E-8029-758BABE3859D}
	EndProjectSection
EndProject
Project("{8BC9CEB8-8B4A-11D0-8D11-00A0C91BC942}") = "termscu", "apps\termscu.vcxproj", "{58653B70-11CD-32AD-A916-15ADB87F179B}"
	ProjectSection(ProjectDependencies) = postProject
		{3ACF3CF1-4C99-3A1F-AC07-D3E87D97408D} = {3ACF3CF1-4C99-3A1F-AC07-D3E87D97408D}
		{43B769A7-9C58-382E-9D16-C3B1CF0A3053} = {43B769A7-9C58-382E-9D16-C3B1CF0A3053}
		{F2F152A8-91BE-3BF5-AE9F-0C7B92A366C3} = {F2F152A8-91BE-3BF5-AE9F-0C7B92A366C3}
		{D43EEDAC-770F-3EC5-ACE5-9B857D2246B3} = {D43EEDAC-770F-3EC5-ACE5-9B857D2246B3}
		{B2C00671-0E74-3D71-8883-37477FC0A7C3} = {B2C00671-0E74-3D71-8883-37477FC0A7C3}
		{3843C671-E1D4-3D7E-8029-758BABE3859D} = {3843C671-E1D4-3D7E-8029-758BABE3859D}
	EndProjectSection
EndProject
Global
	GlobalSection(SolutionConfigurationPlatforms) = preSolution
		Debug|x64 = Debug|x64
		Release|x64 = Release|x64
		MinSizeRel|x64 = MinSizeRel|x64
		RelWithDebInfo|x64 = RelWithDebInfo|x64
	EndGlobalSection
	GlobalSection(ProjectConfigurationPlatforms) = postSolution
		{47E6600C-2619-3047-8DC4-B386E4CF1B39}.Debug|x64.ActiveCfg = Debug|x64
		{47E6600C-2619-3047-8DC4-B386E4CF1B39}.Debug|x64.Build.0 = Debug|x64
		{47E6600C-2619-3047-8DC4-B386E4CF1B39}.Release|x64.ActiveCfg = Release|x64
		{47E6600C-2619-3047-8DC4-B386E4CF1B39}.Release|x64.Build.0 = Release|x64
		{47E6600C-2619-3047-8DC4-B386E4CF1B39}.MinSizeRel|x64.ActiveCfg = MinSizeRel|x64
		{47E6600C-2619-3047-8DC4-B386E4CF1B39}.MinSizeRel|x64.Build.0 = MinSizeRel|x64
		{47E6600C-2619-3047-8DC4-B386E4CF1B39}.RelWithDebInfo|x64.ActiveCfg = RelWithDebInfo|x64
		{47E6600C-2619-3047-8DC4-B386E4CF1B39}.RelWithDebInfo|x64.Build.0 = RelWithDebInfo|x64
		{D34728FB-FBAD-32FE-9719-B2E90D8C831A}.Debug|x64.ActiveCfg = Debug|x64
		{D34728FB-FBAD-32FE-9719-B2E90D8C831A}.Release|x64.ActiveCfg = Release|x64
		{D34728FB-FBAD-32FE-9719-B2E90D8C831A}.MinSizeRel|x64.ActiveCfg = MinSizeRel|x64
		{D34728FB-FBAD-32FE-9719-B2E90D8C831A}.RelWithDebInfo|x64.ActiveCfg = RelWithDebInfo|x64
		{1D1089AA-BBA8-3810-8C4D-B88133DDFCE8}.Debug|x64.ActiveCfg = Debug|x64
		{1D1089AA-BBA8-3810-8C4D-B88133DDFCE8}.Release|x64.ActiveCfg = Release|x64
		{1D1089AA-BBA8-3810-8C4D-B88133DDFCE8}.MinSizeRel|x64.ActiveCfg = MinSizeRel|x64
		{1D1089AA-BBA8-3810-8C4D-B88133DDFCE8}.RelWithDebInfo|x64.ActiveCfg = RelWithDebInfo|x64
		{3ACF3CF1-4C99-3A1F-AC07-D3E87D97408D}.Debug|x64.ActiveCfg = Debug|x64
		{3ACF3CF1-4C99-3A1F-AC07-D3E87D97408D}.Debug|x64.Build.0 = Debug|x64
		{3ACF3CF1-4C99-3A1F-AC07-D3E87D97408D}.Release|x64.ActiveCfg = Release|x64
		{3ACF3CF1-4C99-3A1F-AC07-D3E87D97408D}.Release|x64.Build.0 = Release|x64
		{3ACF3CF1-4C99-3A1F-AC07-D3E87D97408D}.MinSizeRel|x64.ActiveCfg = MinSizeRel|x64
		{3ACF3CF1-4C99-3A1F-AC07-D3E87D97408D}.MinSizeRel|x64.Build.0 = MinSizeRel|x64
		{3ACF3CF1-4C99-3A1F-AC07-D3E87D97408D}.RelWithDebInfo|x64.ActiveCfg = RelWithDebInfo|x64
		{3ACF3CF1-4C99-3A1F-AC07-D3E87D97408D}.RelWithDebInfo|x64.Build.0 = RelWithDebInfo|x64
		{43B769A7-9C58-382E-9D16-C3B1CF0A3053}.Debug|x64.ActiveCfg = Debug|x64
		{43B769A7-9C58-382E-9D16-C3B1CF0A3053}.Debug|x64.Build.0 = Debug|x64
		{43B769A7-9C58-382E-9D16-C3B1CF0A3053}.Release|x64.ActiveCfg = Release|x64
		{43B769A7-9C58-382E-9D16-C3B1CF0A3053}.Release|x64.Build.0 = Release|x64
		{43B769A7-9C58-382E-9D16-C3B1CF0A3053}.MinSizeRel|x64.ActiveCfg = MinSizeRel|x64
		{43B769A7-9C58-382E-9D16-C3B1CF0A3053}.MinSizeRel|x64.Build.0 = MinSizeRel|x64
		{43B769A7-9C58-382E-9D16-C3B1CF0A3053}.RelWithDebInfo|x64.ActiveCfg = RelWithDebInfo|x64
		{43B769A7-9C58-382E-9D16-C3B1CF0A3053}.RelWithDebInfo|x64.Build.0 = RelWithDebInfo|x64
		{868243BB-3A22-3110-8E21-A955A4E3989B}.Debug|x64.ActiveCfg = Debug|x64
		{868243BB-3A22-3110-8E21-A955A4E3989B}.Debug|x64.Build.0 = Debug|x64
		{868243BB-3A22-3110-8E21-A955A4E3989B}.Release|x64.ActiveCfg = Release|x64
		{868243BB-3A22-3110-8E21-A955A4E3989B}.Release|x64.Build.0 = Release|x64
		{868243BB-3A22-3110-8E21-A955A4E3989B}.MinSizeRel|x64.ActiveCfg = MinSizeRel|x64
		{868243BB-3A22-3110-8E21-A955A4E3989B}.MinSizeRel|x64.Build.0 = MinSizeRel|x64
		{868243BB-3A22-3110-8E21-A955A4E3989B}.RelWithDebInfo|x64.ActiveCfg = RelWithDebInfo|x64
		{868243BB-3A22-3110-8E21-A955A4E3989B}.RelWithDebInfo|x64.Build.0 = RelWithDebInfo|x64
		{32757491-5802-36F3-BF01-AA4B326B80A1}.Debug|x64.ActiveCfg = Debug|x64
		{32757491-5802-36F3-BF01-AA4B326B80A1}.Debug|x64.Build.0 = Debug|x64
		{32757491-5802-36F3-BF01-AA4B326B80A1}.Release|x64.ActiveCfg = Release|x64
		{32757491-5802-36F3-BF01-AA4B326B80A1}.Release|x64.Build.0 = Release|x64
		{32757491-5802-36F3-BF01-AA4B326B80A1}.MinSizeRel|x64.ActiveCfg = MinSizeRel|x64
		{32757491-5802-36F3-BF01-AA4B326B80A1}.MinSizeRel|x64.Build.0 = MinSizeRel|x64
		{32757491-5802-36F3-BF01-AA4B326B80A1}.RelWithDebInfo|x64.ActiveCfg = RelWithDebInfo|x64
		{32757491-5802-36F3-BF01-AA4B326B80A1}.RelWithDebInfo|x64.Build.0 = RelWithDebInfo|x64
		{9B1E7786-0B08-37F5-B1B8-E600AAB873A9}.Debug|x64.ActiveCfg = Debug|x64
		{9B1E7786-0B08-37F5-B1B8-E600AAB873A9}.Debug|x64.Build.0 = Debug|x64
		{9B1E7786-0B08-37F5-B1B8-E600AAB873A9}.Release|x64.ActiveCfg = Release|x64
		{9B1E7786-0B08-37F5-B1B8-E600AAB873A9}.Release|x64.Build.0 = Release|x64
		{9B1E7786-0B08-37F5-B1B8-E600AAB873A9}.MinSizeRel|x64.ActiveCfg = MinSizeRel|x64
		{9B1E7786-0B08-37F5-B1B8-E600AAB873A9}.MinSizeRel|x64.Build.0 = MinSizeRel|x64
		{9B1E7786-0B08-37F5-B1B8-E600AAB873A9}.RelWithDebInfo|x64.ActiveCfg = RelWithDebInfo|x64
		{9B1E7786-0B08-37F5-B1B8-E600AAB873A9}.RelWithDebInfo|x64.Build.0 = RelWithDebInfo|x64
		{65CF632B-9AE4-3CBD-824C-FA482576C265}.Debug|x64.ActiveCfg = Debug|x64
		{65CF632B-9AE4-3CBD-824C-FA482576C265}.Debug|x64.Build.0 = Debug|x64
		{65CF632B-9AE4-3CBD-824C-FA482576C265}.Release|x64.ActiveCfg = Release|x64
		{65CF632B-9AE4-3CBD-824C-FA482576C265}.Release|x64.Build.0 = Release|x64
		{65CF632B-9AE4-3CBD-824C-FA482576C265}.MinSizeRel|x64.ActiveCfg = MinSizeRel|x64
		{65CF632B-9AE4-3CBD-824C-FA482576C265}.MinSizeRel|x64.Build.0 = MinSizeRel|x64
		{65CF632B-9AE4-3CBD-824C-FA482576C265}.RelWithDebInfo|x64.ActiveCfg = RelWithDebInfo|x64
		{65CF632B-9AE4-3CBD-824C-FA482576C265}.RelWithDebInfo|x64.Build.0 = RelWithDebInfo|x64
		{F2F152A8-91BE-3BF5-AE9F-0C7B92A366C3}.Debug|x64.ActiveCfg = Debug|x64
		{F2F152A8-91BE-3BF5-AE9F-0C7B92A366C3}.Debug|x64.Build.0 = Debug|x64
		{F2F152A8-91BE-3BF5-AE9F-0C7B92A366C3}.Release|x64.ActiveCfg = Release|x64
		{F2F152A8-91BE-3BF5-AE9F-0C7B92A366C3}.Release|x64.Build.0 = Release|x64
		{F2F152A8-91BE-3BF5-AE9F-0C7B92A366C3}.MinSizeRel|x64.ActiveCfg = MinSizeRel|x64
		{F2F152A8-91BE-3BF5-AE9F-0C7B92A366C3}.MinSizeRel|x64.Build.0 = MinSizeRel|x64
		{F2F152A8-91BE-3BF5-AE9F-0C7B92A366C3}.RelWithDebInfo|x64.ActiveCfg = RelWithDebInfo|x64
		{F2F152A8-91BE-3BF5-AE9F-0C7B92A366C3}.RelWithDebInfo|x64.Build.0 = RelWithDebInfo|x64
		{ED495F1D-CBF9-3BD5-9ADF-4FFB262424EB}.Debug|x64.ActiveCfg = Debug|x64
		{ED495F1D-CBF9-3BD5-9ADF-4FFB262424EB}.Release|x64.ActiveCfg = Release|x64
		{ED495F1D-CBF9-3BD5-9ADF-4FFB262424EB}.MinSizeRel|x64.ActiveCfg = MinSizeRel|x64
		{ED495F1D-CBF9-3BD5-9ADF-4FFB262424EB}.RelWithDebInfo|x64.ActiveCfg = RelWithDebInfo|x64
		{8AB7C5FF-DF83-32E9-9AB1-7DA4752CD930}.Debug|x64.ActiveCfg = Debug|x64
		{8AB7C5FF-DF83-32E9-9AB1-7DA4752CD930}.Debug|x64.Build.0 = Debug|x64
		{8AB7C5FF-DF83-32E9-9AB1-7DA4752CD930}.Release|x64.ActiveCfg = Release|x64
		{8AB7C5FF-DF83-32E9-9AB1-7DA4752CD930}.Release|x64.Build.0 = Release|x64
		{8AB7C5FF-DF83-32E9-9AB1-7DA4752CD930}.MinSizeRel|x64.ActiveCfg = MinSizeRel|x64
		{8AB7C5FF-DF83-32E9-9AB1-7DA4752CD930}.MinSizeRel|x64.Build.0 = MinSizeRel|x64
		{8AB7C5FF-DF83-32E9-9AB1-7DA4752CD930}.RelWithDebInfo|x64.ActiveCfg = RelWithDebInfo|x64
		{8AB7C5FF-DF83-32E9-9AB1-7DA4752CD930}.RelWithDebInfo|x64.Build.0 = RelWithDebInfo|x64
		{6A0AA460-8DF9-3B3E-908C-03B9F3EA380A}.Debug|x64.ActiveCfg = Debug|x64
		{6A0AA460-8DF9-3B3E-908C-03B9F3EA380A}.Debug|x64.Build.0 = Debug|x64
		{6A0AA460-8DF9-3B3E-908C-03B9F3EA380A}.Release|x64.ActiveCfg = Release|x64
		{6A0AA460-8DF9-3B3E-908C-03B9F3EA380A}.Release|x64.Build.0 = Release|x64
		{6A0AA460-8DF9-3B3E-908C-03B9F3EA380A}.MinSizeRel|x64.ActiveCfg = MinSizeRel|x64
		{6A0AA460-8DF9-3B3E-908C-03B9F3EA380A}.MinSizeRel|x64.Build.0 = MinSizeRel|x64
		{6A0AA460-8DF9-3B3E-908C-03B9F3EA380A}.RelWithDebInfo|x64.ActiveCfg = RelWithDebInfo|x64
		{6A0AA460-8DF9-3B3E-908C-03B9F3EA380A}.RelWithDebInfo|x64.Build.0 = RelWithDebInfo|x64
		{A0379700-8AA9-3DCC-902C-42188B03A7D1}.Debug|x64.ActiveCfg = Debug|x64
		{A0379700-8AA9-3DCC-902C-42188B03A7D1}.Debug|x64.Build.0 = Debug|x64
		{A0379700-8AA9-3DCC-902C-42188B03A7D1}.Release|x64.ActiveCfg = Release|x64
		{A0379700-8AA9-3DCC-902C-42188B03A7D1}.Release|x64.Build.0 = Release|x64
		{A0379700-8AA9-3DCC-902C-42188B03A7D1}.MinSizeRel|x64.ActiveCfg = MinSizeRel|x64
		{A0379700-8AA9-3DCC-902C-42188B03A7D1}.MinSizeRel|x64.Build.0 = MinSizeRel|x64
		{A0379700-8AA9-3DCC-902C-42188B03A7D1}.RelWithDebInfo|x64.ActiveCfg = RelWithDebInfo|x64
		{A0379700-8AA9-3DCC-902C-42188B03A7D1}.RelWithDebInfo|x64.Build.0 = RelWithDebInfo|x64
		{0FC8B5DE-60E3-3F22-848E-3A670D93B24E}.Debug|x64.ActiveCfg = Debug|x64
		{0FC8B5DE-60E3-3F22-848E-3A670D93B24E}.Debug|x64.Build.0 = Debug|x64
		{0FC8B5DE-60E3-3F22-848E-3A670D93B24E}.Release|x64.ActiveCfg = Release|x64
		{0FC8B5DE-60E3-3F22-848E-3A670D93B24E}.Release|x64.Build.0 = Release|x64
		{0FC8B5DE-60E3-3F22-848E-3A670D93B24E}.MinSizeRel|x64.ActiveCfg = MinSizeRel|x64
		{0FC8B5DE-60E3-3F22-848E-3A670D93B24E}.MinSizeRel|x64.Build.0 = MinSizeRel|x64
		{0FC8B5DE-60E3-3F22-848E-3A670D93B24E}.RelWithDebInfo|x64.ActiveCfg = RelWithDebInfo|x64
		{0FC8B5DE-60E3-3F22-848E-3A670D93B24E}.RelWithDebInfo|x64.Build.0 = RelWithDebInfo|x64
		{7390EBF9-7ED9-3FD5-AB5A-49D67FE1ED18}.Debug|x64.ActiveCfg = Debug|x64
		{7390EBF9-7ED9-3FD5-AB5A-49D67FE1ED18}.Debug|x64.Build.0 = Debug|x64
		{7390EBF9-7ED9-3FD5-AB5A-49D67FE1ED18}.Release|x64.ActiveCfg = Release|x64
		{7390EBF9-7ED9-3FD5-AB5A-49D67FE1ED18}.Release|x64.Build.0 = Release|x64
		{7390EBF9-7ED9-3FD5-AB5A-49D67FE1ED18}.MinSizeRel|x64.ActiveCfg = MinSizeRel|x64
		{7390EBF9-7ED9-3FD5-AB5A-49D67FE1ED18}.MinSizeRel|x64.Build.0 = MinSizeRel|x64
		{7390EBF9-7ED9-3FD5-AB5A-49D67FE1ED18}.RelWithDebInfo|x64.ActiveCfg = RelWithDebInfo|x64
		{7390EBF9-7ED9-3FD5-AB5A-49D67FE1ED18}.RelWithDebInfo|x64.Build.0 = RelWithDebInfo|x64
		{E1B90772-375D-3E40-9CE2-DA8C7F15A7C2}.Debug|x64.ActiveCfg = Debug|x64
		{E1B90772-375D-3E40-9CE2-DA8C7F15A7C2}.Debug|x64.Build.0 = Debug|x64
		{E1B90772-375D-3E40-9CE2-DA8C7F15A7C2}.Release|x64.ActiveCfg = Release|x64
		{E1B90772-375D-3E40-9CE2-DA8C7F15A7C2}.Release|x64.Build.0 = Release|x64
		{E1B90772-375D-3E40-9CE2-DA8C7F15A7C2}.MinSizeRel|x64.ActiveCfg = MinSizeRel|x64
		{E1B90772-375D-3E40-9CE2-DA8C7F15A7C2}.MinSizeRel|x64.Build.0 = MinSizeRel|x64
		{E1B90772-375D-3E40-9CE2-DA8C7F15A7C2}.RelWithDebInfo|x64.ActiveCfg = RelWithDebInfo|x64
		{E1B90772-375D-3E40-9CE2-DA8C7F15A7C2}.RelWithDebInfo|x64.Build.0 = RelWithDebInfo|x64
		{80BA95AB-F314-3D29-9E04-095DEF8C10D0}.Debug|x64.ActiveCfg = Debug|x64
		{80BA95AB-F314-3D29-9E04-095DEF8C10D0}.Debug|x64.Build.0 = Debug|x64
		{80BA95AB-F314-3D29-9E04-095DEF8C10D0}.Release|x64.ActiveCfg = Release|x64
		{80BA95AB-F314-3D29-9E04-095DEF8C10D0}.Release|x64.Build.0 = Release|x64
		{80BA95AB-F314-3D29-9E04-095DEF8C10D0}.MinSizeRel|x64.ActiveCfg = MinSizeRel|x64
		{80BA95AB-F314-3D29-9E04-095DEF8C10D0}.MinSizeRel|x64.Build.0 = MinSizeRel|x64
		{80BA95AB-F314-3D29-9E04-095DEF8C10D0}.RelWithDebInfo|x64.ActiveCfg = RelWithDebInfo|x64
		{80BA95AB-F314-3D29-9E04-095DEF8C10D0}.RelWithDebInfo|x64.Build.0 = RelWithDebInfo|x64
		{8E33B058-DA29-366C-88AC-C37D0E852539}.Debug|x64.ActiveCfg = Debug|x64
		{8E33B058-DA29-366C-88AC-C37D0E852539}.Debug|x64.Build.0 = Debug|x64
		{8E33B058-DA29-366C-88AC-C37D0E852539}.Release|x64.ActiveCfg = Release|x64
		{8E33B058-DA29-366C-88AC-C37D0E852539}.Release|x64.Build.0 = Release|x64
		{8E33B058-DA29-366C-88AC-C37D0E852539}.MinSizeRel|x64.ActiveCfg = MinSizeRel|x64
		{8E33B058-DA29-366C-88AC-C37D0E852539}.MinSizeRel|x64.Build.0 = MinSizeRel|x64
		{8E33B058-DA29-366C-88AC-C37D0E852539}.RelWithDebInfo|x64.ActiveCfg = RelWithDebInfo|x64
		{8E33B058-DA29-366C-88AC-C37D0E852539}.RelWithDebInfo|x64.Build.0 = RelWithDebInfo|x64
		{4C6CCDE2-DC62-37A1-90A7-5076E35CEF07}.Debug|x64.ActiveCfg = Debug|x64
		{4C6CCDE2-DC62-37A1-90A7-5076E35CEF07}.Debug|x64.Build.0 = Debug|x64
		{4C6CCDE2-DC62-37A1-90A7-5076E35CEF07}.Release|x64.ActiveCfg = Release|x64
		{4C6CCDE2-DC62-37A1-90A7-5076E35CEF07}.Release|x64.Build.0 = Release|x64
		{4C6CCDE2-DC62-37A1-90A7-5076E35CEF07}.MinSizeRel|x64.ActiveCfg = MinSizeRel|x64
		{4C6CCDE2-DC62-37A1-90A7-5076E35CEF07}.MinSizeRel|x64.Build.0 = MinSizeRel|x64
		{4C6CCDE2-DC62-37A1-90A7-5076E35CEF07}.RelWithDebInfo|x64.ActiveCfg = RelWithDebInfo|x64
		{4C6CCDE2-DC62-37A1-90A7-5076E35CEF07}.RelWithDebInfo|x64.Build.0 = RelWithDebInfo|x64
		{93221F48-36F7-388C-81CD-D725A7965CE6}.Debug|x64.ActiveCfg = Debug|x64
		{93221F48-36F7-388C-81CD-D725A7965CE6}.Debug|x64.Build.0 = Debug|x64
		{93221F48-36F7-388C-81CD-D725A7965CE6}.Release|x64.ActiveCfg = Release|x64
		{93221F48-36F7-388C-81CD-D725A7965CE6}.Release|x64.Build.0 = Release|x64
		{93221F48-36F7-388C-81CD-D725A7965CE6}.MinSizeRel|x64.ActiveCfg = MinSizeRel|x64
		{93221F48-36F7-388C-81CD-D725A7965CE6}.MinSizeRel|x64.Build.0 = MinSizeRel|x64
		{93221F48-36F7-388C-81CD-D725A7965CE6}.RelWithDebInfo|x64.ActiveCfg = RelWithDebInfo|x64
		{93221F48-36F7-388C-81CD-D725A7965CE6}.RelWithDebInfo|x64.Build.0 = RelWithDebInfo|x64
		{EAD4404D-9D32-3F43-8D2F-397AC73B60A3}.Debug|x64.ActiveCfg = Debug|x64
		{EAD4404D-9D32-3F43-8D2F-397AC73B60A3}.Debug|x64.Build.0 = Debug|x64
		{EAD4404D-9D32-3F43-8D2F-397AC73B60A3}.Release|x64.ActiveCfg = Release|x64
		{EAD4404D-9D32-3F43-8D2F-397AC73B60A3}.Release|x64.Build.0 = Release|x64
		{EAD4404D-9D32-3F43-8D2F-397AC73B60A3}.MinSizeRel|x64.ActiveCfg = MinSizeRel|x64
		{EAD4404D-9D32-3F43-8D2F-397AC73B60A3}.MinSizeRel|x64.Build.0 = MinSizeRel|x64
		{EAD4404D-9D32-3F43-8D2F-397AC73B60A3}.RelWithDebInfo|x64.ActiveCfg = RelWithDebInfo|x64
		{EAD4404D-9D32-3F43-8D2F-397AC73B60A3}.RelWithDebInfo|x64.Build.0 = RelWithDebInfo|x64
		{DD214476-6D47-352E-8343-E1FEB169BEFA}.Debug|x64.ActiveCfg = Debug|x64
		{DD214476-6D47-352E-8343-E1FEB169BEFA}.Debug|x64.Build.0 = Debug|x64
		{DD214476-6D47-352E-8343-E1FEB169BEFA}.Release|x64.ActiveCfg = Release|x64
		{DD214476-6D47-352E-8343-E1FEB169BEFA}.Release|x64.Build.0 = Release|x64
		{DD214476-6D47-352E-8343-E1FEB169BEFA}.MinSizeRel|x64.ActiveCfg = MinSizeRel|x64
		{DD214476-6D47-352E-8343-E1FEB169BEFA}.MinSizeRel|x64.Build.0 = MinSizeRel|x64
		{DD214476-6D47-352E-8343-E1FEB169BEFA}.RelWithDebInfo|x64.ActiveCfg = RelWithDebInfo|x64
		{DD214476-6D47-352E-8343-E1FEB169BEFA}.RelWithDebInfo|x64.Build.0 = RelWithDebInfo|x64
		{D43EEDAC-770F-3EC5-ACE5-9B857D2246B3}.Debug|x64.ActiveCfg = Debug|x64
		{D43EEDAC-770F-3EC5-ACE5-9B857D2246B3}.Debug|x64.Build.0 = Debug|x64
		{D43EEDAC-770F-3EC5-ACE5-9B857D2246B3}.Release|x64.ActiveCfg = Release|x64
		{D43EEDAC-770F-3EC5-ACE5-9B857D2246B3}.Release|x64.Build.0 = Release|x64
		{D43EEDAC-770F-3EC5-ACE5-9B857D2246B3}.MinSizeRel|x64.ActiveCfg = MinSizeRel|x64
		{D43EEDAC-770F-3EC5-ACE5-9B857D2246B3}.MinSizeRel|x64.Build.0 = MinSizeRel|x64
		{D43EEDAC-770F-3EC5-ACE5-9B857D2246B3}.RelWithDebInfo|x64.ActiveCfg = RelWithDebInfo|x64
		{D43EEDAC-770F-3EC5-ACE5-9B857D2246B3}.RelWithDebInfo|x64.Build.0 = RelWithDebInfo|x64
		{B2C00671-0E74-3D71-8883-37477FC0A7C3}.Debug|x64.ActiveCfg = Debug|x64
		{B2C00671-0E74-3D71-8883-37477FC0A7C3}.Debug|x64.Build.0 = Debug|x64
		{B2C00671-0E74-3D71-8883-37477FC0A7C3}.Release|x64.ActiveCfg = Release|x64
		{B2C00671-0E74-3D71-8883-37477FC0A7C3}.Release|x64.Build.0 = Release|x64
		{B2C00671-0E74-3D71-8883-37477FC0A7C3}.MinSizeRel|x64.ActiveCfg = MinSizeRel|x64
		{B2C00671-0E74-3D71-8883-37477FC0A7C3}.MinSizeRel|x64.Build.0 = MinSizeRel|x64
		{B2C00671-0E74-3D71-8883-37477FC0A7C3}.RelWithDebInfo|x64.ActiveCfg = RelWithDebInfo|x64
		{B2C00671-0E74-3D71-8883-37477FC0A7C3}.RelWithDebInfo|x64.Build.0 = RelWithDebInfo|x64
		{3843C671-E1D4-3D7E-8029-758BABE3859D}.Debug|x64.ActiveCfg = Debug|x64
		{3843C671-E1D4-3D7E-8029-758BABE3859D}.Debug|x64.Build.0 = Debug|x64
		{3843C671-E1D4-3D7E-8029-758BABE3859D}.Release|x64.ActiveCfg = Release|x64
		{3843C671-E1D4-3D7E-8029-758BABE3859D}.Release|x64.Build.0 = Release|x64
		{3843C671-E1D4-3D7E-8029-758BABE3859D}.MinSizeRel|x64.ActiveCfg = MinSizeRel|x64
		{3843C671-E1D4-3D7E-8029-758BABE3859D}.MinSizeRel|x64.Build.0 = MinSizeRel|x64
		{3843C671-E1D4-3D7E-8029-758BABE3859D}.RelWithDebInfo|x64.ActiveCfg = RelWithDebInfo|x64
		{3843C671-E1D4-3D7E-8029-758BABE3859D}.RelWithDebInfo|x64.Build.0 = RelWithDebInfo|x64
		{8C3142F0-317D-33E4-BD3E-343AF2C09A5E}.Debug|x64.ActiveCfg = Debug|x64
		{8C3142F0-317D-33E4-BD3E-343AF2C09A5E}.Debug|x64.Build.0 = Debug|x64
		{8C3142F0-317D-33E4-BD3E-343AF2C09A5E}.Release|x64.ActiveCfg = Release|x64
		{8C3142F0-317D-33E4-BD3E-343AF2C09A5E}.Release|x64.Build.0 = Release|x64
		{8C3142F0-317D-33E4-BD3E-343AF2C09A5E}.MinSizeRel|x64.ActiveCfg = MinSizeRel|x64
		{8C3142F0-317D-33E4-BD3E-343AF2C09A5E}.MinSizeRel|x64.Build.0 = MinSizeRel|x64
		{8C3142F0-317D-33E4-BD3E-343AF2C09A5E}.RelWithDebInfo|x64.ActiveCfg = RelWithDebInfo|x64
		{8C3142F0-317D-33E4-BD3E-343AF2C09A5E}.RelWithDebInfo|x64.Build.0 = RelWithDebInfo|x64
		{A67BB41F-438C-3622-B7D4-8AA314647B56}.Debug|x64.ActiveCfg = Debug|x64
		{A67BB41F-438C-3622-B7D4-8AA314647B56}.Debug|x64.Build.0 = Debug|x64
		{A67BB41F-438C-3622-B7D4-8AA314647B56}.Release|x64.ActiveCfg = Release|x64
		{A67BB41F-438C-3622-B7D4-8AA314647B56}.Release|x64.Build.0 = Release|x64
		{A67BB41F-438C-3622-B7D4-8AA314647B56}.MinSizeRel|x64.ActiveCfg = MinSizeRel|x64
		{A67BB41F-438C-3622-B7D4-8AA314647B56}.MinSizeRel|x64.Build.0 = MinSizeRel|x64
		{A67BB41F-438C-3622-B7D4-8AA314647B56}.RelWithDebInfo|x64.ActiveCfg = RelWithDebInfo|x64
		{A67BB41F-438C-3622-B7D4-8AA314647B56}.RelWithDebInfo|x64.Build.0 = RelWithDebInfo|x64
		{58653B70-11CD-32AD-A916-15ADB87F179B}.Debug|x64.ActiveCfg = Debug|x64
		{58653B70-11CD-32AD-A916-15ADB87F179B}.Debug|x64.Build.0 = Debug|x64
		{58653B70-11CD-32AD-A916-15ADB87F179B}.Release|x64.ActiveCfg = Release|x64
		{58653B70-11CD-32AD-A916-15ADB87F179B}.Release|x64.Build.0 = Release|x64
		{58653B70-11CD-32AD-A916-15ADB87F179B}.MinSizeRel|x64.ActiveCfg = MinSizeRel|x64
		{58653B70-11CD-32AD-A916-15ADB87F179B}.MinSizeRel|x64.Build.0 = MinSizeRel|x64
		{58653B70-11CD-32AD-A916-15ADB87F179B}.RelWithDebInfo|x64.ActiveCfg = RelWithDebInfo|x64
		{58653B70-11CD-32AD-A916-15ADB87F179B}.RelWithDebInfo|x64.Build.0 = RelWithDebInfo|x64
	EndGlobalSection
	GlobalSection(NestedProjects) = preSolution
		{47E6600C-2619-3047-8DC4-B386E4CF1B39} = {531186D5-97FC-3180-983A-1F1A5B6B09F6}
		{D34728FB-FBAD-32FE-9719-B2E90D8C831A} = {531186D5-97FC-3180-983A-1F1A5B6B09F6}
		{1D1089AA-BBA8-3810-8C4D-B88133DDFCE8} = {531186D5-97FC-3180-983A-1F1A5B6B09F6}
		{3ACF3CF1-4C99-3A1F-AC07-D3E87D97408D} = {531186D5-97FC-3180-983A-1F1A5B6B09F6}
	EndGlobalSection
	GlobalSection(ExtensibilityGlobals) = postSolution
		SolutionGuid = {F12DFDEB-3625-39E4-8533-BD0191DBADD7}
	EndGlobalSection
	GlobalSection(ExtensibilityAddIns) = postSolution
	EndGlobalSection
EndGlobal
