Microsoft Visual Studio Solution File, Format Version 12.00
# Visual Studio 2013
Project("{8BC9CEB8-8B4A-11D0-8D11-00A0C91BC942}") = "ALL_BUILD", "ALL_BUILD.vcxproj", "{73879497-A4FC-3398-889E-8E2AF75A0BBF}"
	ProjectSection(ProjectDependencies) = postProject
		{113B1394-F2B8-30E1-9F91-AA80F9CC20A1} = {113B1394-F2B8-30E1-9F91-AA80F9CC20A1}
		{D8CEE253-CD8B-36CF-8F20-0515CE0AB166} = {D8CEE253-CD8B-36CF-8F20-0515CE0AB166}
		{578B0C1A-DE59-38EC-8ECC-EA5B72A6D654} = {578B0C1A-DE59-38EC-8ECC-EA5B72A6D654}
		{001C22C1-7DB4-354A-979F-340C0F6577A7} = {001C22C1-7DB4-354A-979F-340C0F6577A7}
		{27F93612-2DA8-3569-A4C2-91B35180AE91} = {27F93612-2DA8-3569-A4C2-91B35180AE91}
		{2D49BDCD-C0CC-30BF-B1DB-76DFB4C42A7B} = {2D49BDCD-C0CC-30BF-B1DB-76DFB4C42A7B}
		{EC078C61-9E70-3196-B539-6FF65CF1F379} = {EC078C61-9E70-3196-B539-6FF65CF1F379}
		{A49E40A9-EEA0-3C80-AEAE-EBF21FB546A6} = {A49E40A9-EEA0-3C80-AEAE-EBF21FB546A6}
	EndProjectSection
EndProject
Project("{8BC9CEB8-8B4A-11D0-8D11-00A0C91BC942}") = "INSTALL", "INSTALL.vcxproj", "{AFF6746F-7CF9-337F-A660-E6DA4EFA8A6C}"
	ProjectSection(ProjectDependencies) = postProject
		{73879497-A4FC-3398-889E-8E2AF75A0BBF} = {73879497-A4FC-3398-889E-8E2AF75A0BBF}
		{113B1394-F2B8-30E1-9F91-AA80F9CC20A1} = {113B1394-F2B8-30E1-9F91-AA80F9CC20A1}
	EndProjectSection
EndProject
Project("{8BC9CEB8-8B4A-11D0-8D11-00A0C91BC942}") = "ZERO_CHECK", "..\\ZERO_CHECK.vcxproj", "{113B1394-F2B8-30E1-9F91-AA80F9CC20A1}"
	ProjectSection(ProjectDependencies) = postProject
	EndProjectSection
EndProject
Project("{8BC9CEB8-8B4A-11D0-8D11-00A0C91BC942}") = "dcmdata", "..\dcmdata\libsrc\dcmdata.vcxproj", "{BDAE4982-80E1-3D52-83EE-C11C209B056A}"
	ProjectSection(ProjectDependencies) = postProject
		{113B1394-F2B8-30E1-9F91-AA80F9CC20A1} = {113B1394-F2B8-30E1-9F91-AA80F9CC20A1}
	EndProjectSection
EndProject
Project("{8BC9CEB8-8B4A-11D0-8D11-00A0C91BC942}") = "dcmnet", "libsrc\dcmnet.vcxproj", "{D8CEE253-CD8B-36CF-8F20-0515CE0AB166}"
	ProjectSection(ProjectDependencies) = postProject
		{113B1394-F2B8-30E1-9F91-AA80F9CC20A1} = {113B1394-F2B8-30E1-9F91-AA80F9CC20A1}
	EndProjectSection
EndProject
Project("{8BC9CEB8-8B4A-11D0-8D11-00A0C91BC942}") = "dcmtls", "..\dcmtls\libsrc\dcmtls.vcxproj", "{1E00B859-007A-32B1-903D-F3A5F33841F5}"
	ProjectSection(ProjectDependencies) = postProject
		{113B1394-F2B8-30E1-9F91-AA80F9CC20A1} = {113B1394-F2B8-30E1-9F91-AA80F9CC20A1}
	EndProjectSection
EndProject
Project("{8BC9CEB8-8B4A-11D0-8D11-00A0C91BC942}") = "echoscu", "apps\echoscu.vcxproj", "{578B0C1A-DE59-38EC-8ECC-EA5B72A6D654}"
	ProjectSection(ProjectDependencies) = postProject
		{113B1394-F2B8-30E1-9F91-AA80F9CC20A1} = {113B1394-F2B8-30E1-9F91-AA80F9CC20A1}
		{BDAE4982-80E1-3D52-83EE-C11C209B056A} = {BDAE4982-80E1-3D52-83EE-C11C209B056A}
		{D8CEE253-CD8B-36CF-8F20-0515CE0AB166} = {D8CEE253-CD8B-36CF-8F20-0515CE0AB166}
		{1E00B859-007A-32B1-903D-F3A5F33841F5} = {1E00B859-007A-32B1-903D-F3A5F33841F5}
		{3F3337C5-7C9C-3F32-A2BC-CFD28212B1F8} = {3F3337C5-7C9C-3F32-A2BC-CFD28212B1F8}
		{7B0D6A4A-D7C8-39B8-BF85-DD9F4B45F260} = {7B0D6A4A-D7C8-39B8-BF85-DD9F4B45F260}
	EndProjectSection
EndProject
Project("{8BC9CEB8-8B4A-11D0-8D11-00A0C91BC942}") = "findscu", "apps\findscu.vcxproj", "{001C22C1-7DB4-354A-979F-340C0F6577A7}"
	ProjectSection(ProjectDependencies) = postProject
		{113B1394-F2B8-30E1-9F91-AA80F9CC20A1} = {113B1394-F2B8-30E1-9F91-AA80F9CC20A1}
		{BDAE4982-80E1-3D52-83EE-C11C209B056A} = {BDAE4982-80E1-3D52-83EE-C11C209B056A}
		{D8CEE253-CD8B-36CF-8F20-0515CE0AB166} = {D8CEE253-CD8B-36CF-8F20-0515CE0AB166}
		{1E00B859-007A-32B1-903D-F3A5F33841F5} = {1E00B859-007A-32B1-903D-F3A5F33841F5}
		{3F3337C5-7C9C-3F32-A2BC-CFD28212B1F8} = {3F3337C5-7C9C-3F32-A2BC-CFD28212B1F8}
		{7B0D6A4A-D7C8-39B8-BF85-DD9F4B45F260} = {7B0D6A4A-D7C8-39B8-BF85-DD9F4B45F260}
	EndProjectSection
EndProject
Project("{8BC9CEB8-8B4A-11D0-8D11-00A0C91BC942}") = "movescu", "apps\movescu.vcxproj", "{27F93612-2DA8-3569-A4C2-91B35180AE91}"
	ProjectSection(ProjectDependencies) = postProject
		{113B1394-F2B8-30E1-9F91-AA80F9CC20A1} = {113B1394-F2B8-30E1-9F91-AA80F9CC20A1}
		{BDAE4982-80E1-3D52-83EE-C11C209B056A} = {BDAE4982-80E1-3D52-83EE-C11C209B056A}
		{D8CEE253-CD8B-36CF-8F20-0515CE0AB166} = {D8CEE253-CD8B-36CF-8F20-0515CE0AB166}
		{3F3337C5-7C9C-3F32-A2BC-CFD28212B1F8} = {3F3337C5-7C9C-3F32-A2BC-CFD28212B1F8}
		{7B0D6A4A-D7C8-39B8-BF85-DD9F4B45F260} = {7B0D6A4A-D7C8-39B8-BF85-DD9F4B45F260}
	EndProjectSection
EndProject
Project("{8BC9CEB8-8B4A-11D0-8D11-00A0C91BC942}") = "oflog", "..\oflog\libsrc\oflog.vcxproj", "{3F3337C5-7C9C-3F32-A2BC-CFD28212B1F8}"
	ProjectSection(ProjectDependencies) = postProject
		{113B1394-F2B8-30E1-9F91-AA80F9CC20A1} = {113B1394-F2B8-30E1-9F91-AA80F9CC20A1}
	EndProjectSection
EndProject
Project("{8BC9CEB8-8B4A-11D0-8D11-00A0C91BC942}") = "ofstd", "..\ofstd\libsrc\ofstd.vcxproj", "{7B0D6A4A-D7C8-39B8-BF85-DD9F4B45F260}"
	ProjectSection(ProjectDependencies) = postProject
		{113B1394-F2B8-30E1-9F91-AA80F9CC20A1} = {113B1394-F2B8-30E1-9F91-AA80F9CC20A1}
	EndProjectSection
EndProject
Project("{8BC9CEB8-8B4A-11D0-8D11-00A0C91BC942}") = "storescp", "apps\storescp.vcxproj", "{2D49BDCD-C0CC-30BF-B1DB-76DFB4C42A7B}"
	ProjectSection(ProjectDependencies) = postProject
		{113B1394-F2B8-30E1-9F91-AA80F9CC20A1} = {113B1394-F2B8-30E1-9F91-AA80F9CC20A1}
		{BDAE4982-80E1-3D52-83EE-C11C209B056A} = {BDAE4982-80E1-3D52-83EE-C11C209B056A}
		{D8CEE253-CD8B-36CF-8F20-0515CE0AB166} = {D8CEE253-CD8B-36CF-8F20-0515CE0AB166}
		{1E00B859-007A-32B1-903D-F3A5F33841F5} = {1E00B859-007A-32B1-903D-F3A5F33841F5}
		{3F3337C5-7C9C-3F32-A2BC-CFD28212B1F8} = {3F3337C5-7C9C-3F32-A2BC-CFD28212B1F8}
		{7B0D6A4A-D7C8-39B8-BF85-DD9F4B45F260} = {7B0D6A4A-D7C8-39B8-BF85-DD9F4B45F260}
	EndProjectSection
EndProject
Project("{8BC9CEB8-8B4A-11D0-8D11-00A0C91BC942}") = "storescu", "apps\storescu.vcxproj", "{EC078C61-9E70-3196-B539-6FF65CF1F379}"
	ProjectSection(ProjectDependencies) = postProject
		{113B1394-F2B8-30E1-9F91-AA80F9CC20A1} = {113B1394-F2B8-30E1-9F91-AA80F9CC20A1}
		{BDAE4982-80E1-3D52-83EE-C11C209B056A} = {BDAE4982-80E1-3D52-83EE-C11C209B056A}
		{D8CEE253-CD8B-36CF-8F20-0515CE0AB166} = {D8CEE253-CD8B-36CF-8F20-0515CE0AB166}
		{1E00B859-007A-32B1-903D-F3A5F33841F5} = {1E00B859-007A-32B1-903D-F3A5F33841F5}
		{3F3337C5-7C9C-3F32-A2BC-CFD28212B1F8} = {3F3337C5-7C9C-3F32-A2BC-CFD28212B1F8}
		{7B0D6A4A-D7C8-39B8-BF85-DD9F4B45F260} = {7B0D6A4A-D7C8-39B8-BF85-DD9F4B45F260}
	EndProjectSection
EndProject
Project("{8BC9CEB8-8B4A-11D0-8D11-00A0C91BC942}") = "termscu", "apps\termscu.vcxproj", "{A49E40A9-EEA0-3C80-AEAE-EBF21FB546A6}"
	ProjectSection(ProjectDependencies) = postProject
		{113B1394-F2B8-30E1-9F91-AA80F9CC20A1} = {113B1394-F2B8-30E1-9F91-AA80F9CC20A1}
		{BDAE4982-80E1-3D52-83EE-C11C209B056A} = {BDAE4982-80E1-3D52-83EE-C11C209B056A}
		{D8CEE253-CD8B-36CF-8F20-0515CE0AB166} = {D8CEE253-CD8B-36CF-8F20-0515CE0AB166}
		{3F3337C5-7C9C-3F32-A2BC-CFD28212B1F8} = {3F3337C5-7C9C-3F32-A2BC-CFD28212B1F8}
		{7B0D6A4A-D7C8-39B8-BF85-DD9F4B45F260} = {7B0D6A4A-D7C8-39B8-BF85-DD9F4B45F260}
	EndProjectSection
EndProject
Global
	GlobalSection(SolutionConfigurationPlatforms) = preSolution
		Debug|Win32 = Debug|Win32
		Release|Win32 = Release|Win32
		MinSizeRel|Win32 = MinSizeRel|Win32
		RelWithDebInfo|Win32 = RelWithDebInfo|Win32
	EndGlobalSection
	GlobalSection(ProjectConfigurationPlatforms) = postSolution
		{73879497-A4FC-3398-889E-8E2AF75A0BBF}.Debug|Win32.ActiveCfg = Debug|Win32
		{73879497-A4FC-3398-889E-8E2AF75A0BBF}.Debug|Win32.Build.0 = Debug|Win32
		{73879497-A4FC-3398-889E-8E2AF75A0BBF}.Release|Win32.ActiveCfg = Release|Win32
		{73879497-A4FC-3398-889E-8E2AF75A0BBF}.Release|Win32.Build.0 = Release|Win32
		{73879497-A4FC-3398-889E-8E2AF75A0BBF}.MinSizeRel|Win32.ActiveCfg = MinSizeRel|Win32
		{73879497-A4FC-3398-889E-8E2AF75A0BBF}.MinSizeRel|Win32.Build.0 = MinSizeRel|Win32
		{73879497-A4FC-3398-889E-8E2AF75A0BBF}.RelWithDebInfo|Win32.ActiveCfg = RelWithDebInfo|Win32
		{73879497-A4FC-3398-889E-8E2AF75A0BBF}.RelWithDebInfo|Win32.Build.0 = RelWithDebInfo|Win32
		{AFF6746F-7CF9-337F-A660-E6DA4EFA8A6C}.Debug|Win32.ActiveCfg = Debug|Win32
		{AFF6746F-7CF9-337F-A660-E6DA4EFA8A6C}.Release|Win32.ActiveCfg = Release|Win32
		{AFF6746F-7CF9-337F-A660-E6DA4EFA8A6C}.MinSizeRel|Win32.ActiveCfg = MinSizeRel|Win32
		{AFF6746F-7CF9-337F-A660-E6DA4EFA8A6C}.RelWithDebInfo|Win32.ActiveCfg = RelWithDebInfo|Win32
		{113B1394-F2B8-30E1-9F91-AA80F9CC20A1}.Debug|Win32.ActiveCfg = Debug|Win32
		{113B1394-F2B8-30E1-9F91-AA80F9CC20A1}.Debug|Win32.Build.0 = Debug|Win32
		{113B1394-F2B8-30E1-9F91-AA80F9CC20A1}.Release|Win32.ActiveCfg = Release|Win32
		{113B1394-F2B8-30E1-9F91-AA80F9CC20A1}.Release|Win32.Build.0 = Release|Win32
		{113B1394-F2B8-30E1-9F91-AA80F9CC20A1}.MinSizeRel|Win32.ActiveCfg = MinSizeRel|Win32
		{113B1394-F2B8-30E1-9F91-AA80F9CC20A1}.MinSizeRel|Win32.Build.0 = MinSizeRel|Win32
		{113B1394-F2B8-30E1-9F91-AA80F9CC20A1}.RelWithDebInfo|Win32.ActiveCfg = RelWithDebInfo|Win32
		{113B1394-F2B8-30E1-9F91-AA80F9CC20A1}.RelWithDebInfo|Win32.Build.0 = RelWithDebInfo|Win32
		{BDAE4982-80E1-3D52-83EE-C11C209B056A}.Debug|Win32.ActiveCfg = Debug|Win32
		{BDAE4982-80E1-3D52-83EE-C11C209B056A}.Debug|Win32.Build.0 = Debug|Win32
		{BDAE4982-80E1-3D52-83EE-C11C209B056A}.Release|Win32.ActiveCfg = Release|Win32
		{BDAE4982-80E1-3D52-83EE-C11C209B056A}.Release|Win32.Build.0 = Release|Win32
		{BDAE4982-80E1-3D52-83EE-C11C209B056A}.MinSizeRel|Win32.ActiveCfg = MinSizeRel|Win32
		{BDAE4982-80E1-3D52-83EE-C11C209B056A}.MinSizeRel|Win32.Build.0 = MinSizeRel|Win32
		{BDAE4982-80E1-3D52-83EE-C11C209B056A}.RelWithDebInfo|Win32.ActiveCfg = RelWithDebInfo|Win32
		{BDAE4982-80E1-3D52-83EE-C11C209B056A}.RelWithDebInfo|Win32.Build.0 = RelWithDebInfo|Win32
		{D8CEE253-CD8B-36CF-8F20-0515CE0AB166}.Debug|Win32.ActiveCfg = Debug|Win32
		{D8CEE253-CD8B-36CF-8F20-0515CE0AB166}.Debug|Win32.Build.0 = Debug|Win32
		{D8CEE253-CD8B-36CF-8F20-0515CE0AB166}.Release|Win32.ActiveCfg = Release|Win32
		{D8CEE253-CD8B-36CF-8F20-0515CE0AB166}.Release|Win32.Build.0 = Release|Win32
		{D8CEE253-CD8B-36CF-8F20-0515CE0AB166}.MinSizeRel|Win32.ActiveCfg = MinSizeRel|Win32
		{D8CEE253-CD8B-36CF-8F20-0515CE0AB166}.MinSizeRel|Win32.Build.0 = MinSizeRel|Win32
		{D8CEE253-CD8B-36CF-8F20-0515CE0AB166}.RelWithDebInfo|Win32.ActiveCfg = RelWithDebInfo|Win32
		{D8CEE253-CD8B-36CF-8F20-0515CE0AB166}.RelWithDebInfo|Win32.Build.0 = RelWithDebInfo|Win32
		{1E00B859-007A-32B1-903D-F3A5F33841F5}.Debug|Win32.ActiveCfg = Debug|Win32
		{1E00B859-007A-32B1-903D-F3A5F33841F5}.Debug|Win32.Build.0 = Debug|Win32
		{1E00B859-007A-32B1-903D-F3A5F33841F5}.Release|Win32.ActiveCfg = Release|Win32
		{1E00B859-007A-32B1-903D-F3A5F33841F5}.Release|Win32.Build.0 = Release|Win32
		{1E00B859-007A-32B1-903D-F3A5F33841F5}.MinSizeRel|Win32.ActiveCfg = MinSizeRel|Win32
		{1E00B859-007A-32B1-903D-F3A5F33841F5}.MinSizeRel|Win32.Build.0 = MinSizeRel|Win32
		{1E00B859-007A-32B1-903D-F3A5F33841F5}.RelWithDebInfo|Win32.ActiveCfg = RelWithDebInfo|Win32
		{1E00B859-007A-32B1-903D-F3A5F33841F5}.RelWithDebInfo|Win32.Build.0 = RelWithDebInfo|Win32
		{578B0C1A-DE59-38EC-8ECC-EA5B72A6D654}.Debug|Win32.ActiveCfg = Debug|Win32
		{578B0C1A-DE59-38EC-8ECC-EA5B72A6D654}.Debug|Win32.Build.0 = Debug|Win32
		{578B0C1A-DE59-38EC-8ECC-EA5B72A6D654}.Release|Win32.ActiveCfg = Release|Win32
		{578B0C1A-DE59-38EC-8ECC-EA5B72A6D654}.Release|Win32.Build.0 = Release|Win32
		{578B0C1A-DE59-38EC-8ECC-EA5B72A6D654}.MinSizeRel|Win32.ActiveCfg = MinSizeRel|Win32
		{578B0C1A-DE59-38EC-8ECC-EA5B72A6D654}.MinSizeRel|Win32.Build.0 = MinSizeRel|Win32
		{578B0C1A-DE59-38EC-8ECC-EA5B72A6D654}.RelWithDebInfo|Win32.ActiveCfg = RelWithDebInfo|Win32
		{578B0C1A-DE59-38EC-8ECC-EA5B72A6D654}.RelWithDebInfo|Win32.Build.0 = RelWithDebInfo|Win32
		{001C22C1-7DB4-354A-979F-340C0F6577A7}.Debug|Win32.ActiveCfg = Debug|Win32
		{001C22C1-7DB4-354A-979F-340C0F6577A7}.Debug|Win32.Build.0 = Debug|Win32
		{001C22C1-7DB4-354A-979F-340C0F6577A7}.Release|Win32.ActiveCfg = Release|Win32
		{001C22C1-7DB4-354A-979F-340C0F6577A7}.Release|Win32.Build.0 = Release|Win32
		{001C22C1-7DB4-354A-979F-340C0F6577A7}.MinSizeRel|Win32.ActiveCfg = MinSizeRel|Win32
		{001C22C1-7DB4-354A-979F-340C0F6577A7}.MinSizeRel|Win32.Build.0 = MinSizeRel|Win32
		{001C22C1-7DB4-354A-979F-340C0F6577A7}.RelWithDebInfo|Win32.ActiveCfg = RelWithDebInfo|Win32
		{001C22C1-7DB4-354A-979F-340C0F6577A7}.RelWithDebInfo|Win32.Build.0 = RelWithDebInfo|Win32
		{27F93612-2DA8-3569-A4C2-91B35180AE91}.Debug|Win32.ActiveCfg = Debug|Win32
		{27F93612-2DA8-3569-A4C2-91B35180AE91}.Debug|Win32.Build.0 = Debug|Win32
		{27F93612-2DA8-3569-A4C2-91B35180AE91}.Release|Win32.ActiveCfg = Release|Win32
		{27F93612-2DA8-3569-A4C2-91B35180AE91}.Release|Win32.Build.0 = Release|Win32
		{27F93612-2DA8-3569-A4C2-91B35180AE91}.MinSizeRel|Win32.ActiveCfg = MinSizeRel|Win32
		{27F93612-2DA8-3569-A4C2-91B35180AE91}.MinSizeRel|Win32.Build.0 = MinSizeRel|Win32
		{27F93612-2DA8-3569-A4C2-91B35180AE91}.RelWithDebInfo|Win32.ActiveCfg = RelWithDebInfo|Win32
		{27F93612-2DA8-3569-A4C2-91B35180AE91}.RelWithDebInfo|Win32.Build.0 = RelWithDebInfo|Win32
		{3F3337C5-7C9C-3F32-A2BC-CFD28212B1F8}.Debug|Win32.ActiveCfg = Debug|Win32
		{3F3337C5-7C9C-3F32-A2BC-CFD28212B1F8}.Debug|Win32.Build.0 = Debug|Win32
		{3F3337C5-7C9C-3F32-A2BC-CFD28212B1F8}.Release|Win32.ActiveCfg = Release|Win32
		{3F3337C5-7C9C-3F32-A2BC-CFD28212B1F8}.Release|Win32.Build.0 = Release|Win32
		{3F3337C5-7C9C-3F32-A2BC-CFD28212B1F8}.MinSizeRel|Win32.ActiveCfg = MinSizeRel|Win32
		{3F3337C5-7C9C-3F32-A2BC-CFD28212B1F8}.MinSizeRel|Win32.Build.0 = MinSizeRel|Win32
		{3F3337C5-7C9C-3F32-A2BC-CFD28212B1F8}.RelWithDebInfo|Win32.ActiveCfg = RelWithDebInfo|Win32
		{3F3337C5-7C9C-3F32-A2BC-CFD28212B1F8}.RelWithDebInfo|Win32.Build.0 = RelWithDebInfo|Win32
		{7B0D6A4A-D7C8-39B8-BF85-DD9F4B45F260}.Debug|Win32.ActiveCfg = Debug|Win32
		{7B0D6A4A-D7C8-39B8-BF85-DD9F4B45F260}.Debug|Win32.Build.0 = Debug|Win32
		{7B0D6A4A-D7C8-39B8-BF85-DD9F4B45F260}.Release|Win32.ActiveCfg = Release|Win32
		{7B0D6A4A-D7C8-39B8-BF85-DD9F4B45F260}.Release|Win32.Build.0 = Release|Win32
		{7B0D6A4A-D7C8-39B8-BF85-DD9F4B45F260}.MinSizeRel|Win32.ActiveCfg = MinSizeRel|Win32
		{7B0D6A4A-D7C8-39B8-BF85-DD9F4B45F260}.MinSizeRel|Win32.Build.0 = MinSizeRel|Win32
		{7B0D6A4A-D7C8-39B8-BF85-DD9F4B45F260}.RelWithDebInfo|Win32.ActiveCfg = RelWithDebInfo|Win32
		{7B0D6A4A-D7C8-39B8-BF85-DD9F4B45F260}.RelWithDebInfo|Win32.Build.0 = RelWithDebInfo|Win32
		{2D49BDCD-C0CC-30BF-B1DB-76DFB4C42A7B}.Debug|Win32.ActiveCfg = Debug|Win32
		{2D49BDCD-C0CC-30BF-B1DB-76DFB4C42A7B}.Debug|Win32.Build.0 = Debug|Win32
		{2D49BDCD-C0CC-30BF-B1DB-76DFB4C42A7B}.Release|Win32.ActiveCfg = Release|Win32
		{2D49BDCD-C0CC-30BF-B1DB-76DFB4C42A7B}.Release|Win32.Build.0 = Release|Win32
		{2D49BDCD-C0CC-30BF-B1DB-76DFB4C42A7B}.MinSizeRel|Win32.ActiveCfg = MinSizeRel|Win32
		{2D49BDCD-C0CC-30BF-B1DB-76DFB4C42A7B}.MinSizeRel|Win32.Build.0 = MinSizeRel|Win32
		{2D49BDCD-C0CC-30BF-B1DB-76DFB4C42A7B}.RelWithDebInfo|Win32.ActiveCfg = RelWithDebInfo|Win32
		{2D49BDCD-C0CC-30BF-B1DB-76DFB4C42A7B}.RelWithDebInfo|Win32.Build.0 = RelWithDebInfo|Win32
		{EC078C61-9E70-3196-B539-6FF65CF1F379}.Debug|Win32.ActiveCfg = Debug|Win32
		{EC078C61-9E70-3196-B539-6FF65CF1F379}.Debug|Win32.Build.0 = Debug|Win32
		{EC078C61-9E70-3196-B539-6FF65CF1F379}.Release|Win32.ActiveCfg = Release|Win32
		{EC078C61-9E70-3196-B539-6FF65CF1F379}.Release|Win32.Build.0 = Release|Win32
		{EC078C61-9E70-3196-B539-6FF65CF1F379}.MinSizeRel|Win32.ActiveCfg = MinSizeRel|Win32
		{EC078C61-9E70-3196-B539-6FF65CF1F379}.MinSizeRel|Win32.Build.0 = MinSizeRel|Win32
		{EC078C61-9E70-3196-B539-6FF65CF1F379}.RelWithDebInfo|Win32.ActiveCfg = RelWithDebInfo|Win32
		{EC078C61-9E70-3196-B539-6FF65CF1F379}.RelWithDebInfo|Win32.Build.0 = RelWithDebInfo|Win32
		{A49E40A9-EEA0-3C80-AEAE-EBF21FB546A6}.Debug|Win32.ActiveCfg = Debug|Win32
		{A49E40A9-EEA0-3C80-AEAE-EBF21FB546A6}.Debug|Win32.Build.0 = Debug|Win32
		{A49E40A9-EEA0-3C80-AEAE-EBF21FB546A6}.Release|Win32.ActiveCfg = Release|Win32
		{A49E40A9-EEA0-3C80-AEAE-EBF21FB546A6}.Release|Win32.Build.0 = Release|Win32
		{A49E40A9-EEA0-3C80-AEAE-EBF21FB546A6}.MinSizeRel|Win32.ActiveCfg = MinSizeRel|Win32
		{A49E40A9-EEA0-3C80-AEAE-EBF21FB546A6}.MinSizeRel|Win32.Build.0 = MinSizeRel|Win32
		{A49E40A9-EEA0-3C80-AEAE-EBF21FB546A6}.RelWithDebInfo|Win32.ActiveCfg = RelWithDebInfo|Win32
		{A49E40A9-EEA0-3C80-AEAE-EBF21FB546A6}.RelWithDebInfo|Win32.Build.0 = RelWithDebInfo|Win32
	EndGlobalSection
	GlobalSection(ExtensibilityGlobals) = postSolution
	EndGlobalSection
	GlobalSection(ExtensibilityAddIns) = postSolution
	EndGlobalSection
EndGlobal
