
Microsoft Visual Studio Solution File, Format Version 12.00
# Visual Studio Version 17
VisualStudioVersion = 17.14.36511.14
MinimumVisualStudioVersion = 10.0.40219.1
Project("{8BC9CEB8-8B4A-11D0-8D11-00A0C91BC942}") = "tstDcmDB", "tstDcmDB.vcxproj", "{9C6504C6-4095-4533-88AF-2D3025AC056A}"
EndProject
Project("{8BC9CEB8-8B4A-11D0-8D11-00A0C91BC942}") = "PxDbLib", "..\..\PxDbLib\PxDbLib.vcxproj", "{98B3FB86-560C-4394-AF3C-39CEC2A735F7}"
EndProject
Project("{8BC9CEB8-8B4A-11D0-8D11-00A0C91BC942}") = "PXAppComLib", "..\..\PXAppComLib\PXAppComLib.vcxproj", "{165F9995-8480-4C78-8A37-58B09481A928}"
EndProject
Project("{8BC9CEB8-8B4A-11D0-8D11-00A0C91BC942}") = "PxComLib", "..\..\PxComLib\PxComLib.vcxproj", "{7DBB2F41-195D-4FFC-A19E-2C26D44E0B23}"
EndProject
Global
	GlobalSection(SolutionConfigurationPlatforms) = preSolution
		Debug|Win32 = Debug|Win32
		Debug|x64 = Debug|x64
		Release|Win32 = Release|Win32
		Release|x64 = Release|x64
	EndGlobalSection
	GlobalSection(ProjectConfigurationPlatforms) = postSolution
		{9C6504C6-4095-4533-88AF-2D3025AC056A}.Debug|Win32.ActiveCfg = Debug|Win32
		{9C6504C6-4095-4533-88AF-2D3025AC056A}.Debug|Win32.Build.0 = Debug|Win32
		{9C6504C6-4095-4533-88AF-2D3025AC056A}.Debug|x64.ActiveCfg = Debug|x64
		{9C6504C6-4095-4533-88AF-2D3025AC056A}.Debug|x64.Build.0 = Debug|x64
		{9C6504C6-4095-4533-88AF-2D3025AC056A}.Release|Win32.ActiveCfg = Release|Win32
		{9C6504C6-4095-4533-88AF-2D3025AC056A}.Release|Win32.Build.0 = Release|Win32
		{9C6504C6-4095-4533-88AF-2D3025AC056A}.Release|x64.ActiveCfg = Release|x64
		{9C6504C6-4095-4533-88AF-2D3025AC056A}.Release|x64.Build.0 = Release|x64
		{98B3FB86-560C-4394-AF3C-39CEC2A735F7}.Debug|Win32.ActiveCfg = Debug|Win32
		{98B3FB86-560C-4394-AF3C-39CEC2A735F7}.Debug|Win32.Build.0 = Debug|Win32
		{98B3FB86-560C-4394-AF3C-39CEC2A735F7}.Debug|x64.ActiveCfg = Debug|x64
		{98B3FB86-560C-4394-AF3C-39CEC2A735F7}.Debug|x64.Build.0 = Debug|x64
		{98B3FB86-560C-4394-AF3C-39CEC2A735F7}.Release|Win32.ActiveCfg = Release|Win32
		{98B3FB86-560C-4394-AF3C-39CEC2A735F7}.Release|Win32.Build.0 = Release|Win32
		{98B3FB86-560C-4394-AF3C-39CEC2A735F7}.Release|x64.ActiveCfg = Release|x64
		{98B3FB86-560C-4394-AF3C-39CEC2A735F7}.Release|x64.Build.0 = Release|x64
		{165F9995-8480-4C78-8A37-58B09481A928}.Debug|Win32.ActiveCfg = Debug|Win32
		{165F9995-8480-4C78-8A37-58B09481A928}.Debug|Win32.Build.0 = Debug|Win32
		{165F9995-8480-4C78-8A37-58B09481A928}.Debug|x64.ActiveCfg = Debug|x64
		{165F9995-8480-4C78-8A37-58B09481A928}.Debug|x64.Build.0 = Debug|x64
		{165F9995-8480-4C78-8A37-58B09481A928}.Release|Win32.ActiveCfg = Release|Win32
		{165F9995-8480-4C78-8A37-58B09481A928}.Release|Win32.Build.0 = Release|Win32
		{165F9995-8480-4C78-8A37-58B09481A928}.Release|x64.ActiveCfg = Release|x64
		{165F9995-8480-4C78-8A37-58B09481A928}.Release|x64.Build.0 = Release|x64
		{7DBB2F41-195D-4FFC-A19E-2C26D44E0B23}.Debug|Win32.ActiveCfg = Debug|Win32
		{7DBB2F41-195D-4FFC-A19E-2C26D44E0B23}.Debug|Win32.Build.0 = Debug|Win32
		{7DBB2F41-195D-4FFC-A19E-2C26D44E0B23}.Debug|x64.ActiveCfg = Debug|x64
		{7DBB2F41-195D-4FFC-A19E-2C26D44E0B23}.Debug|x64.Build.0 = Debug|x64
		{7DBB2F41-195D-4FFC-A19E-2C26D44E0B23}.Release|Win32.ActiveCfg = Release|Win32
		{7DBB2F41-195D-4FFC-A19E-2C26D44E0B23}.Release|Win32.Build.0 = Release|Win32
		{7DBB2F41-195D-4FFC-A19E-2C26D44E0B23}.Release|x64.ActiveCfg = Release|x64
		{7DBB2F41-195D-4FFC-A19E-2C26D44E0B23}.Release|x64.Build.0 = Release|x64
	EndGlobalSection
	GlobalSection(SolutionProperties) = preSolution
		HideSolutionNode = FALSE
	EndGlobalSection
	GlobalSection(ExtensibilityGlobals) = postSolution
		SolutionGuid = {035AFD7C-2333-4EDA-BF15-FEB7D0B16E98}
	EndGlobalSection
EndGlobal
