
Microsoft Visual Studio Solution File, Format Version 12.00
# Visual Studio 2013
VisualStudioVersion = 12.0.40629.0
MinimumVisualStudioVersion = 10.0.40219.1
Project("{8BC9CEB8-8B4A-11D0-8D11-00A0C91BC942}") = "PxComLib", "PxComLib\PxComLib.vcxproj", "{7DBB2F41-195D-4FFC-A19E-2C26D44E0B23}"
EndProject
Project("{8BC9CEB8-8B4A-11D0-8D11-00A0C91BC942}") = "PXAppComLib", "PXAppComLib\PXAppComLib.vcxproj", "{165F9995-8480-4C78-8A37-58B09481A928}"
EndProject
Project("{8BC9CEB8-8B4A-11D0-8D11-00A0C91BC942}") = "PxDbLib", "PxDbLib\PxDbLib.vcxproj", "{98B3FB86-560C-4394-AF3C-39CEC2A735F7}"
EndProject
Project("{8BC9CEB8-8B4A-11D0-8D11-00A0C91BC942}") = "PxDcmDataLib", "PxDcmDataLib\PxDcmDataLib.vcxproj", "{79BA1819-545A-40BB-9A63-B3E516491D49}"
EndProject
Project("{8BC9CEB8-8B4A-11D0-8D11-00A0C91BC942}") = "PXDcmNetLib", "PxDcmNetLib\src\PXDcmNetLib.vcxproj", "{CEFE8284-A5E4-400D-95F9-986B5F62D7A2}"
EndProject
Project("{8BC9CEB8-8B4A-11D0-8D11-00A0C91BC942}") = "PXDcmSServer", "PXDcmSServer\PXDcmSServer.vcxproj", "{A9CF8AB2-59B0-44A2-BAF4-0DD1884487CB}"
EndProject
Project("{8BC9CEB8-8B4A-11D0-8D11-00A0C91BC942}") = "BuildAll", "BuildAll\BuildAll.vcxproj", "{0E8B2D65-C1DF-47E5-B554-38CB6179A64F}"
	ProjectSection(ProjectDependencies) = postProject
		{E3499C92-47B6-362D-B727-D9A927A7C9A8} = {E3499C92-47B6-362D-B727-D9A927A7C9A8}
	EndProjectSection
EndProject
Project("{8BC9CEB8-8B4A-11D0-8D11-00A0C91BC942}") = "PXDcmJobProc", "PXDcmJobProc\PXDcmJobProc.vcxproj", "{A510D3A1-C74D-409E-8172-03873CD869DE}"
EndProject
Project("{8BC9CEB8-8B4A-11D0-8D11-00A0C91BC942}") = "PXDbManagerTask", "PXUtils\PXDbManagerTask\PXDbManagerTask.vcxproj", "{E45DCB77-27C4-4C90-A61E-4F7FB43BC52A}"
EndProject
Project("{8BC9CEB8-8B4A-11D0-8D11-00A0C91BC942}") = "PXSetupTaskScheduler", "PXUtils\PXSetupTaskScheduler\PXSetupTaskScheduler.vcxproj", "{44C9BAD3-E2EC-4864-B4AA-C2E407C62A39}"
EndProject
Project("{8BC9CEB8-8B4A-11D0-8D11-00A0C91BC942}") = "ModifyConfigure", "ModifyConfigure\ModifyConfigure.vcxproj", "{95D0DA8A-E8E0-4BF8-866B-1DEE36C67F12}"
EndProject
Project("{8BC9CEB8-8B4A-11D0-8D11-00A0C91BC942}") = "PXDcmSAdmin", "PXDcmSAdmin\PXDcmSAdmin.vcxproj", "{E3499C92-47B6-362D-B727-D9A927A7C9A8}"
	ProjectSection(ProjectDependencies) = postProject
		{79BA1819-545A-40BB-9A63-B3E516491D49} = {79BA1819-545A-40BB-9A63-B3E516491D49}
		{7DBB2F41-195D-4FFC-A19E-2C26D44E0B23} = {7DBB2F41-195D-4FFC-A19E-2C26D44E0B23}
		{CEFE8284-A5E4-400D-95F9-986B5F62D7A2} = {CEFE8284-A5E4-400D-95F9-986B5F62D7A2}
		{98B3FB86-560C-4394-AF3C-39CEC2A735F7} = {98B3FB86-560C-4394-AF3C-39CEC2A735F7}
		{165F9995-8480-4C78-8A37-58B09481A928} = {165F9995-8480-4C78-8A37-58B09481A928}
	EndProjectSection
EndProject
Global
	GlobalSection(SolutionConfigurationPlatforms) = preSolution
		Debug|Win32 = Debug|Win32
		Release|Win32 = Release|Win32
	EndGlobalSection
	GlobalSection(ProjectConfigurationPlatforms) = postSolution
		{7DBB2F41-195D-4FFC-A19E-2C26D44E0B23}.Debug|Win32.ActiveCfg = Debug|Win32
		{7DBB2F41-195D-4FFC-A19E-2C26D44E0B23}.Debug|Win32.Build.0 = Debug|Win32
		{7DBB2F41-195D-4FFC-A19E-2C26D44E0B23}.Release|Win32.ActiveCfg = Release|Win32
		{7DBB2F41-195D-4FFC-A19E-2C26D44E0B23}.Release|Win32.Build.0 = Release|Win32
		{165F9995-8480-4C78-8A37-58B09481A928}.Debug|Win32.ActiveCfg = Debug|Win32
		{165F9995-8480-4C78-8A37-58B09481A928}.Debug|Win32.Build.0 = Debug|Win32
		{165F9995-8480-4C78-8A37-58B09481A928}.Release|Win32.ActiveCfg = Release|Win32
		{165F9995-8480-4C78-8A37-58B09481A928}.Release|Win32.Build.0 = Release|Win32
		{98B3FB86-560C-4394-AF3C-39CEC2A735F7}.Debug|Win32.ActiveCfg = Debug|Win32
		{98B3FB86-560C-4394-AF3C-39CEC2A735F7}.Debug|Win32.Build.0 = Debug|Win32
		{98B3FB86-560C-4394-AF3C-39CEC2A735F7}.Release|Win32.ActiveCfg = Release|Win32
		{98B3FB86-560C-4394-AF3C-39CEC2A735F7}.Release|Win32.Build.0 = Release|Win32
		{79BA1819-545A-40BB-9A63-B3E516491D49}.Debug|Win32.ActiveCfg = Debug|Win32
		{79BA1819-545A-40BB-9A63-B3E516491D49}.Debug|Win32.Build.0 = Debug|Win32
		{79BA1819-545A-40BB-9A63-B3E516491D49}.Release|Win32.ActiveCfg = Release|Win32
		{79BA1819-545A-40BB-9A63-B3E516491D49}.Release|Win32.Build.0 = Release|Win32
		{CEFE8284-A5E4-400D-95F9-986B5F62D7A2}.Debug|Win32.ActiveCfg = Debug|Win32
		{CEFE8284-A5E4-400D-95F9-986B5F62D7A2}.Debug|Win32.Build.0 = Debug|Win32
		{CEFE8284-A5E4-400D-95F9-986B5F62D7A2}.Release|Win32.ActiveCfg = Release|Win32
		{CEFE8284-A5E4-400D-95F9-986B5F62D7A2}.Release|Win32.Build.0 = Release|Win32
		{A9CF8AB2-59B0-44A2-BAF4-0DD1884487CB}.Debug|Win32.ActiveCfg = Debug|Win32
		{A9CF8AB2-59B0-44A2-BAF4-0DD1884487CB}.Debug|Win32.Build.0 = Debug|Win32
		{A9CF8AB2-59B0-44A2-BAF4-0DD1884487CB}.Release|Win32.ActiveCfg = Release|Win32
		{A9CF8AB2-59B0-44A2-BAF4-0DD1884487CB}.Release|Win32.Build.0 = Release|Win32
		{0E8B2D65-C1DF-47E5-B554-38CB6179A64F}.Debug|Win32.ActiveCfg = Debug|Win32
		{0E8B2D65-C1DF-47E5-B554-38CB6179A64F}.Debug|Win32.Build.0 = Debug|Win32
		{0E8B2D65-C1DF-47E5-B554-38CB6179A64F}.Release|Win32.ActiveCfg = Release|Win32
		{0E8B2D65-C1DF-47E5-B554-38CB6179A64F}.Release|Win32.Build.0 = Release|Win32
		{A510D3A1-C74D-409E-8172-03873CD869DE}.Debug|Win32.ActiveCfg = Debug|Win32
		{A510D3A1-C74D-409E-8172-03873CD869DE}.Debug|Win32.Build.0 = Debug|Win32
		{A510D3A1-C74D-409E-8172-03873CD869DE}.Release|Win32.ActiveCfg = Release|Win32
		{A510D3A1-C74D-409E-8172-03873CD869DE}.Release|Win32.Build.0 = Release|Win32
		{E45DCB77-27C4-4C90-A61E-4F7FB43BC52A}.Debug|Win32.ActiveCfg = Debug|Win32
		{E45DCB77-27C4-4C90-A61E-4F7FB43BC52A}.Debug|Win32.Build.0 = Debug|Win32
		{E45DCB77-27C4-4C90-A61E-4F7FB43BC52A}.Release|Win32.ActiveCfg = Release|Win32
		{E45DCB77-27C4-4C90-A61E-4F7FB43BC52A}.Release|Win32.Build.0 = Release|Win32
		{44C9BAD3-E2EC-4864-B4AA-C2E407C62A39}.Debug|Win32.ActiveCfg = Debug|Win32
		{44C9BAD3-E2EC-4864-B4AA-C2E407C62A39}.Debug|Win32.Build.0 = Debug|Win32
		{44C9BAD3-E2EC-4864-B4AA-C2E407C62A39}.Release|Win32.ActiveCfg = Release|Win32
		{44C9BAD3-E2EC-4864-B4AA-C2E407C62A39}.Release|Win32.Build.0 = Release|Win32
		{95D0DA8A-E8E0-4BF8-866B-1DEE36C67F12}.Debug|Win32.ActiveCfg = Debug|Win32
		{95D0DA8A-E8E0-4BF8-866B-1DEE36C67F12}.Debug|Win32.Build.0 = Debug|Win32
		{95D0DA8A-E8E0-4BF8-866B-1DEE36C67F12}.Release|Win32.ActiveCfg = Release|Win32
		{95D0DA8A-E8E0-4BF8-866B-1DEE36C67F12}.Release|Win32.Build.0 = Release|Win32
		{E3499C92-47B6-362D-B727-D9A927A7C9A8}.Debug|Win32.ActiveCfg = Debug|Win32
		{E3499C92-47B6-362D-B727-D9A927A7C9A8}.Debug|Win32.Build.0 = Debug|Win32
		{E3499C92-47B6-362D-B727-D9A927A7C9A8}.Release|Win32.ActiveCfg = Release|Win32
		{E3499C92-47B6-362D-B727-D9A927A7C9A8}.Release|Win32.Build.0 = Release|Win32
	EndGlobalSection
	GlobalSection(SolutionProperties) = preSolution
		HideSolutionNode = FALSE
	EndGlobalSection
EndGlobal
